// !$*UTF8*$!
{
	archiveVersion = 1;
	classes = {
	};
	objectVersion = 77;
	objects = {

/* Begin PBXContainerItemProxy section */
		F9AEF7B82DB9F13800D71EA3 /* PBXContainerItemProxy */ = {
			isa = PBXContainerItemProxy;
			containerPortal = F9AEF79F2DB9F13600D71EA3 /* Project object */;
			proxyType = 1;
			remoteGlobalIDString = F9AEF7A62DB9F13600D71EA3;
			remoteInfo = UIPractice0;
		};
		F9AEF7C22DB9F13800D71EA3 /* PBXContainerItemProxy */ = {
			isa = PBXContainerItemProxy;
			containerPortal = F9AEF79F2DB9F13600D71EA3 /* Project object */;
			proxyType = 1;
			remoteGlobalIDString = F9AEF7A62DB9F13600D71EA3;
			remoteInfo = UIPractice0;
		};
/* End PBXContainerItemProxy section */

/* Begin PBXFileReference section */
		F9AEF7A72DB9F13600D71EA3 /* UIPractice0.app */ = {isa = PBXFileReference; explicitFileType = wrapper.application; includeInIndex = 0; path = UIPractice0.app; sourceTree = BUILT_PRODUCTS_DIR; };
		F9AEF7B72DB9F13800D71EA3 /* UIPractice0Tests.xctest */ = {isa = PBXFileReference; explicitFileType = wrapper.cfbundle; includeInIndex = 0; path = UIPractice0Tests.xctest; sourceTree = BUILT_PRODUCTS_DIR; };
		F9AEF7C12DB9F13800D71EA3 /* UIPractice0UITests.xctest */ = {isa = PBXFileReference; explicitFileType = wrapper.cfbundle; includeInIndex = 0; path = UIPractice0UITests.xctest; sourceTree = BUILT_PRODUCTS_DIR; };
/* End PBXFileReference section */

/* Begin PBXFileSystemSynchronizedRootGroup section */
		F9AEF7A92DB9F13600D71EA3 /* UIPractice0 */ = {
			isa = PBXFileSystemSynchronizedRootGroup;
			path = UIPractice0;
			sourceTree = "<group>";
		};
		F9AEF7BA2DB9F13800D71EA3 /* UIPractice0Tests */ = {
			isa = PBXFileSystemSynchronizedRootGroup;
			path = UIPractice0Tests;
			sourceTree = "<group>";
		};
		F9AEF7C42DB9F13800D71EA3 /* UIPractice0UITests */ = {
			isa = PBXFileSystemSynchronizedRootGroup;
			path = UIPractice0UITests;
			sourceTree = "<group>";
		};
/* End PBXFileSystemSynchronizedRootGroup section */

/* Begin PBXFrameworksBuildPhase section */
		F9AEF7A42DB9F13600D71EA3 /* Frameworks */ = {
			isa = PBXFrameworksBuildPhase;
			buildActionMask = 2147483647;
			files = (
			);
			runOnlyForDeploymentPostprocessing = 0;
		};
		F9AEF7B42DB9F13800D71EA3 /* Frameworks */ = {
			isa = PBXFrameworksBuildPhase;
			buildActionMask = 2147483647;
			files = (
			);
			runOnlyForDeploymentPostprocessing = 0;
		};
		F9AEF7BE2DB9F13800D71EA3 /* Frameworks */ = {
			isa = PBXFrameworksBuildPhase;
			buildActionMask = 2147483647;
			files = (
			);
			runOnlyForDeploymentPostprocessing = 0;
		};
/* End PBXFrameworksBuildPhase section */

/* Begin PBXGroup section */
		F9AEF79E2DB9F13600D71EA3 = {
			isa = PBXGroup;
			children = (
				F9AEF7A92DB9F13600D71EA3 /* UIPractice0 */,
				F9AEF7BA2DB9F13800D71EA3 /* UIPractice0Tests */,
				F9AEF7C42DB9F13800D71EA3 /* UIPractice0UITests */,
				F9AEF7A82DB9F13600D71EA3 /* Products */,
			);
			sourceTree = "<group>";
		};
		F9AEF7A82DB9F13600D71EA3 /* Products */ = {
			isa = PBXGroup;
			children = (
				F9AEF7A72DB9F13600D71EA3 /* UIPractice0.app */,
				F9AEF7B72DB9F13800D71EA3 /* UIPractice0Tests.xctest */,
				F9AEF7C12DB9F13800D71EA3 /* UIPractice0UITests.xctest */,
			);
			name = Products;
			sourceTree = "<group>";
		};
/* End PBXGroup section */

/* Begin PBXNativeTarget section */
		F9AEF7A62DB9F13600D71EA3 /* UIPractice0 */ = {
			isa = PBXNativeTarget;
			buildConfigurationList = F9AEF7CB2DB9F13800D71EA3 /* Build configuration list for PBXNativeTarget "UIPractice0" */;
			buildPhases = (
				F9AEF7A32DB9F13600D71EA3 /* Sources */,
				F9AEF7A42DB9F13600D71EA3 /* Frameworks */,
				F9AEF7A52DB9F13600D71EA3 /* Resources */,
			);
			buildRules = (
			);
			dependencies = (
			);
			fileSystemSynchronizedGroups = (
				F9AEF7A92DB9F13600D71EA3 /* UIPractice0 */,
			);
			name = UIPractice0;
			packageProductDependencies = (
			);
			productName = UIPractice0;
			productReference = F9AEF7A72DB9F13600D71EA3 /* UIPractice0.app */;
			productType = "com.apple.product-type.application";
		};
		F9AEF7B62DB9F13800D71EA3 /* UIPractice0Tests */ = {
			isa = PBXNativeTarget;
			buildConfigurationList = F9AEF7CE2DB9F13800D71EA3 /* Build configuration list for PBXNativeTarget "UIPractice0Tests" */;
			buildPhases = (
				F9AEF7B32DB9F13800D71EA3 /* Sources */,
				F9AEF7B42DB9F13800D71EA3 /* Frameworks */,
				F9AEF7B52DB9F13800D71EA3 /* Resources */,
			);
			buildRules = (
			);
			dependencies = (
				F9AEF7B92DB9F13800D71EA3 /* PBXTargetDependency */,
			);
			fileSystemSynchronizedGroups = (
				F9AEF7BA2DB9F13800D71EA3 /* UIPractice0Tests */,
			);
			name = UIPractice0Tests;
			packageProductDependencies = (
			);
			productName = UIPractice0Tests;
			productReference = F9AEF7B72DB9F13800D71EA3 /* UIPractice0Tests.xctest */;
			productType = "com.apple.product-type.bundle.unit-test";
		};
		F9AEF7C02DB9F13800D71EA3 /* UIPractice0UITests */ = {
			isa = PBXNativeTarget;
			buildConfigurationList = F9AEF7D12DB9F13800D71EA3 /* Build configuration list for PBXNativeTarget "UIPractice0UITests" */;
			buildPhases = (
				F9AEF7BD2DB9F13800D71EA3 /* Sources */,
				F9AEF7BE2DB9F13800D71EA3 /* Frameworks */,
				F9AEF7BF2DB9F13800D71EA3 /* Resources */,
			);
			buildRules = (
			);
			dependencies = (
				F9AEF7C32DB9F13800D71EA3 /* PBXTargetDependency */,
			);
			fileSystemSynchronizedGroups = (
				F9AEF7C42DB9F13800D71EA3 /* UIPractice0UITests */,
			);
			name = UIPractice0UITests;
			packageProductDependencies = (
			);
			productName = UIPractice0UITests;
			productReference = F9AEF7C12DB9F13800D71EA3 /* UIPractice0UITests.xctest */;
			productType = "com.apple.product-type.bundle.ui-testing";
		};
/* End PBXNativeTarget section */

/* Begin PBXProject section */
		F9AEF79F2DB9F13600D71EA3 /* Project object */ = {
			isa = PBXProject;
			attributes = {
				BuildIndependentTargetsInParallel = 1;
				LastSwiftUpdateCheck = 1620;
				LastUpgradeCheck = 1620;
				TargetAttributes = {
					F9AEF7A62DB9F13600D71EA3 = {
						CreatedOnToolsVersion = 16.2;
					};
					F9AEF7B62DB9F13800D71EA3 = {
						CreatedOnToolsVersion = 16.2;
						TestTargetID = F9AEF7A62DB9F13600D71EA3;
					};
					F9AEF7C02DB9F13800D71EA3 = {
						CreatedOnToolsVersion = 16.2;
						TestTargetID = F9AEF7A62DB9F13600D71EA3;
					};
				};
			};
			buildConfigurationList = F9AEF7A22DB9F13600D71EA3 /* Build configuration list for PBXProject "UIPractice0" */;
			developmentRegion = en;
			hasScannedForEncodings = 0;
			knownRegions = (
				en,
				Base,
			);
			mainGroup = F9AEF79E2DB9F13600D71EA3;
			minimizedProjectReferenceProxies = 1;
			preferredProjectObjectVersion = 77;
			productRefGroup = F9AEF7A82DB9F13600D71EA3 /* Products */;
			projectDirPath = "";
			projectRoot = "";
			targets = (
				F9AEF7A62DB9F13600D71EA3 /* UIPractice0 */,
				F9AEF7B62DB9F13800D71EA3 /* UIPractice0Tests */,
				F9AEF7C02DB9F13800D71EA3 /* UIPractice0UITests */,
			);
		};
/* End PBXProject section */

/* Begin PBXResourcesBuildPhase section */
		F9AEF7A52DB9F13600D71EA3 /* Resources */ = {
			isa = PBXResourcesBuildPhase;
			buildActionMask = 2147483647;
			files = (
			);
			runOnlyForDeploymentPostprocessing = 0;
		};
		F9AEF7B52DB9F13800D71EA3 /* Resources */ = {
			isa = PBXResourcesBuildPhase;
			buildActionMask = 2147483647;
			files = (
			);
			runOnlyForDeploymentPostprocessing = 0;
		};
		F9AEF7BF2DB9F13800D71EA3 /* Resources */ = {
			isa = PBXResourcesBuildPhase;
			buildActionMask = 2147483647;
			files = (
			);
			runOnlyForDeploymentPostprocessing = 0;
		};
/* End PBXResourcesBuildPhase section */

/* Begin PBXSourcesBuildPhase section */
		F9AEF7A32DB9F13600D71EA3 /* Sources */ = {
			isa = PBXSourcesBuildPhase;
			buildActionMask = 2147483647;
			files = (
			);
			runOnlyForDeploymentPostprocessing = 0;
		};
		F9AEF7B32DB9F13800D71EA3 /* Sources */ = {
			isa = PBXSourcesBuildPhase;
			buildActionMask = 2147483647;
			files = (
			);
			runOnlyForDeploymentPostprocessing = 0;
		};
		F9AEF7BD2DB9F13800D71EA3 /* Sources */ = {
			isa = PBXSourcesBuildPhase;
			buildActionMask = 2147483647;
			files = (
			);
			runOnlyForDeploymentPostprocessing = 0;
		};
/* End PBXSourcesBuildPhase section */

/* Begin PBXTargetDependency section */
		F9AEF7B92DB9F13800D71EA3 /* PBXTargetDependency */ = {
			isa = PBXTargetDependency;
			target = F9AEF7A62DB9F13600D71EA3 /* UIPractice0 */;
			targetProxy = F9AEF7B82DB9F13800D71EA3 /* PBXContainerItemProxy */;
		};
		F9AEF7C32DB9F13800D71EA3 /* PBXTargetDependency */ = {
			isa = PBXTargetDependency;
			target = F9AEF7A62DB9F13600D71EA3 /* UIPractice0 */;
			targetProxy = F9AEF7C22DB9F13800D71EA3 /* PBXContainerItemProxy */;
		};
/* End PBXTargetDependency section */

/* Begin XCBuildConfiguration section */
		F9AEF7C92DB9F13800D71EA3 /* Debug */ = {
			isa = XCBuildConfiguration;
			buildSettings = {
				ALWAYS_SEARCH_USER_PATHS = NO;
				ASSETCATALOG_COMPILER_GENERATE_SWIFT_ASSET_SYMBOL_EXTENSIONS = YES;
				CLANG_ANALYZER_NONNULL = YES;
				CLANG_ANALYZER_NUMBER_OBJECT_CONVERSION = YES_AGGRESSIVE;
				CLANG_CXX_LANGUAGE_STANDARD = "gnu++20";
				CLANG_ENABLE_MODULES = YES;
				CLANG_ENABLE_OBJC_ARC = YES;
				CLANG_ENABLE_OBJC_WEAK = YES;
				CLANG_WARN_BLOCK_CAPTURE_AUTORELEASING = YES;
				CLANG_WARN_BOOL_CONVERSION = YES;
				CLANG_WARN_COMMA = YES;
				CLANG_WARN_CONSTANT_CONVERSION = YES;
				CLANG_WARN_DEPRECATED_OBJC_IMPLEMENTATIONS = YES;
				CLANG_WARN_DIRECT_OBJC_ISA_USAGE = YES_ERROR;
				CLANG_WARN_DOCUMENTATION_COMMENTS = YES;
				CLANG_WARN_EMPTY_BODY = YES;
				CLANG_WARN_ENUM_CONVERSION = YES;
				CLANG_WARN_INFINITE_RECURSION = YES;
				CLANG_WARN_INT_CONVERSION = YES;
				CLANG_WARN_NON_LITERAL_NULL_CONVERSION = YES;
				CLANG_WARN_OBJC_IMPLICIT_RETAIN_SELF = YES;
				CLANG_WARN_OBJC_LITERAL_CONVERSION = YES;
				CLANG_WARN_OBJC_ROOT_CLASS = YES_ERROR;
				CLANG_WARN_QUOTED_INCLUDE_IN_FRAMEWORK_HEADER = YES;
				CLANG_WARN_RANGE_LOOP_ANALYSIS = YES;
				CLANG_WARN_STRICT_PROTOTYPES = YES;
				CLANG_WARN_SUSPICIOUS_MOVE = YES;
				CLANG_WARN_UNGUARDED_AVAILABILITY = YES_AGGRESSIVE;
				CLANG_WARN_UNREACHABLE_CODE = YES;
				CLANG_WARN__DUPLICATE_METHOD_MATCH = YES;
				COPY_PHASE_STRIP = NO;
				DEBUG_INFORMATION_FORMAT = dwarf;
				ENABLE_STRICT_OBJC_MSGSEND = YES;
				ENABLE_TESTABILITY = YES;
				ENABLE_USER_SCRIPT_SANDBOXING = YES;
				GCC_C_LANGUAGE_STANDARD = gnu17;
				GCC_DYNAMIC_NO_PIC = NO;
				GCC_NO_COMMON_BLOCKS = YES;
				GCC_OPTIMIZATION_LEVEL = 0;
				GCC_PREPROCESSOR_DEFINITIONS = (
					"DEBUG=1",
					"$(inherited)",
				);
				GCC_WARN_64_TO_32_BIT_CONVERSION = YES;
				GCC_WARN_ABOUT_RETURN_TYPE = YES_ERROR;
				GCC_WARN_UNDECLARED_SELECTOR = YES;
				GCC_WARN_UNINITIALIZED_AUTOS = YES_AGGRESSIVE;
				GCC_WARN_UNUSED_FUNCTION = YES;
				GCC_WARN_UNUSED_VARIABLE = YES;
				IPHONEOS_DEPLOYMENT_TARGET = 18.2;
				LOCALIZATION_PREFERS_STRING_CATALOGS = YES;
				MTL_ENABLE_DEBUG_INFO = INCLUDE_SOURCE;
				MTL_FAST_MATH = YES;
				ONLY_ACTIVE_ARCH = YES;
				SDKROOT = iphoneos;
				SWIFT_ACTIVE_COMPILATION_CONDITIONS = "DEBUG $(inherited)";
				SWIFT_OPTIMIZATION_LEVEL = "-Onone";
			};
			name = Debug;
		};
		F9AEF7CA2DB9F13800D71EA3 /* Release */ = {
			isa = XCBuildConfiguration;
			buildSettings = {
				ALWAYS_SEARCH_USER_PATHS = NO;
				ASSETCATALOG_COMPILER_GENERATE_SWIFT_ASSET_SYMBOL_EXTENSIONS = YES;
				CLANG_ANALYZER_NONNULL = YES;
				CLANG_ANALYZER_NUMBER_OBJECT_CONVERSION = YES_AGGRESSIVE;
				CLANG_CXX_LANGUAGE_STANDARD = "gnu++20";
				CLANG_ENABLE_MODULES = YES;
				CLANG_ENABLE_OBJC_ARC = YES;
				CLANG_ENABLE_OBJC_WEAK = YES;
				CLANG_WARN_BLOCK_CAPTURE_AUTORELEASING = YES;
				CLANG_WARN_BOOL_CONVERSION = YES;
				CLANG_WARN_COMMA = YES;
				CLANG_WARN_CONSTANT_CONVERSION = YES;
				CLANG_WARN_DEPRECATED_OBJC_IMPLEMENTATIONS = YES;
				CLANG_WARN_DIRECT_OBJC_ISA_USAGE = YES_ERROR;
				CLANG_WARN_DOCUMENTATION_COMMENTS = YES;
				CLANG_WARN_EMPTY_BODY = YES;
				CLANG_WARN_ENUM_CONVERSION = YES;
				CLANG_WARN_INFINITE_RECURSION = YES;
				CLANG_WARN_INT_CONVERSION = YES;
				CLANG_WARN_NON_LITERAL_NULL_CONVERSION = YES;
				CLANG_WARN_OBJC_IMPLICIT_RETAIN_SELF = YES;
				CLANG_WARN_OBJC_LITERAL_CONVERSION = YES;
				CLANG_WARN_OBJC_ROOT_CLASS = YES_ERROR;
				CLANG_WARN_QUOTED_INCLUDE_IN_FRAMEWORK_HEADER = YES;
				CLANG_WARN_RANGE_LOOP_ANALYSIS = YES;
				CLANG_WARN_STRICT_PROTOTYPES = YES;
				CLANG_WARN_SUSPICIOUS_MOVE = YES;
				CLANG_WARN_UNGUARDED_AVAILABILITY = YES_AGGRESSIVE;
				CLANG_WARN_UNREACHABLE_CODE = YES;
				CLANG_WARN__DUPLICATE_METHOD_MATCH = YES;
				COPY_PHASE_STRIP = NO;
				DEBUG_INFORMATION_FORMAT = "dwarf-with-dsym";
				ENABLE_NS_ASSERTIONS = NO;
				ENABLE_STRICT_OBJC_MSGSEND = YES;
				ENABLE_USER_SCRIPT_SANDBOXING = YES;
				GCC_C_LANGUAGE_STANDARD = gnu17;
				GCC_NO_COMMON_BLOCKS = YES;
				GCC_WARN_64_TO_32_BIT_CONVERSION = YES;
				GCC_WARN_ABOUT_RETURN_TYPE = YES_ERROR;
				GCC_WARN_UNDECLARED_SELECTOR = YES;
				GCC_WARN_UNINITIALIZED_AUTOS = YES_AGGRESSIVE;
				GCC_WARN_UNUSED_FUNCTION = YES;
				GCC_WARN_UNUSED_VARIABLE = YES;
				IPHONEOS_DEPLOYMENT_TARGET = 18.2;
				LOCALIZATION_PREFERS_STRING_CATALOGS = YES;
				MTL_ENABLE_DEBUG_INFO = NO;
				MTL_FAST_MATH = YES;
				SDKROOT = iphoneos;
				SWIFT_COMPILATION_MODE = wholemodule;
				VALIDATE_PRODUCT = YES;
			};
			name = Release;
		};
		F9AEF7CC2DB9F13800D71EA3 /* Debug */ = {
			isa = XCBuildConfiguration;
			buildSettings = {
				ASSETCATALOG_COMPILER_APPICON_NAME = AppIcon;
				ASSETCATALOG_COMPILER_GLOBAL_ACCENT_COLOR_NAME = AccentColor;
				CODE_SIGN_STYLE = Automatic;
				CURRENT_PROJECT_VERSION = 1;
				DEVELOPMENT_ASSET_PATHS = "\"UIPractice0/Preview Content\"";
				DEVELOPMENT_TEAM = 95FV8GCJUC;
				ENABLE_PREVIEWS = YES;
				GENERATE_INFOPLIST_FILE = YES;
				INFOPLIST_KEY_UIApplicationSceneManifest_Generation = YES;
				INFOPLIST_KEY_UIApplicationSupportsIndirectInputEvents = YES;
				INFOPLIST_KEY_UILaunchScreen_Generation = YES;
				INFOPLIST_KEY_UISupportedInterfaceOrientations = UIInterfaceOrientationPortrait;
				INFOPLIST_KEY_UISupportedInterfaceOrientations_iPad = "UIInterfaceOrientationLandscapeLeft UIInterfaceOrientationLandscapeRight UIInterfaceOrientationPortrait UIInterfaceOrientationPortraitUpsideDown";
				LD_RUNPATH_SEARCH_PATHS = (
					"$(inherited)",
					"@executable_path/Frameworks",
				);
				MARKETING_VERSION = 1.0;
				PRODUCT_BUNDLE_IDENTIFIER = hyo.UIPractice0;
				PRODUCT_NAME = "$(TARGET_NAME)";
				SWIFT_EMIT_LOC_STRINGS = YES;
				SWIFT_VERSION = 5.0;
				TARGETED_DEVICE_FAMILY = "1,2";
			};
			name = Debug;
		};
		F9AEF7CD2DB9F13800D71EA3 /* Release */ = {
			isa = XCBuildConfiguration;
			buildSettings = {
				ASSETCATALOG_COMPILER_APPICON_NAME = AppIcon;
				ASSETCATALOG_COMPILER_GLOBAL_ACCENT_COLOR_NAME = AccentColor;
				CODE_SIGN_STYLE = Automatic;
				CURRENT_PROJECT_VERSION = 1;
				DEVELOPMENT_ASSET_PATHS = "\"UIPractice0/Preview Content\"";
				DEVELOPMENT_TEAM = 95FV8GCJUC;
				ENABLE_PREVIEWS = YES;
				GENERATE_INFOPLIST_FILE = YES;
				INFOPLIST_KEY_UIApplicationSceneManifest_Generation = YES;
				INFOPLIST_KEY_UIApplicationSupportsIndirectInputEvents = YES;
				INFOPLIST_KEY_UILaunchScreen_Generation = YES;
				INFOPLIST_KEY_UISupportedInterfaceOrientations = UIInterfaceOrientationPortrait;
				INFOPLIST_KEY_UISupportedInterfaceOrientations_iPad = "UIInterfaceOrientationLandscapeLeft UIInterfaceOrientationLandscapeRight UIInterfaceOrientationPortrait UIInterfaceOrientationPortraitUpsideDown";
				LD_RUNPATH_SEARCH_PATHS = (
					"$(inherited)",
					"@executable_path/Frameworks",
				);
				MARKETING_VERSION = 1.0;
				PRODUCT_BUNDLE_IDENTIFIER = hyo.UIPractice0;
				PRODUCT_NAME = "$(TARGET_NAME)";
				SWIFT_EMIT_LOC_STRINGS = YES;
				SWIFT_VERSION = 5.0;
				TARGETED_DEVICE_FAMILY = "1,2";
			};
			name = Release;
		};
		F9AEF7CF2DB9F13800D71EA3 /* Debug */ = {
			isa = XCBuildConfiguration;
			buildSettings = {
				BUNDLE_LOADER = "$(TEST_HOST)";
				CODE_SIGN_STYLE = Automatic;
				CURRENT_PROJECT_VERSION = 1;
				DEVELOPMENT_TEAM = 95FV8GCJUC;
				GENERATE_INFOPLIST_FILE = YES;
				IPHONEOS_DEPLOYMENT_TARGET = 18.2;
				MARKETING_VERSION = 1.0;
				PRODUCT_BUNDLE_IDENTIFIER = hyo.UIPractice0Tests;
				PRODUCT_NAME = "$(TARGET_NAME)";
				SWIFT_EMIT_LOC_STRINGS = NO;
				SWIFT_VERSION = 5.0;
				TARGETED_DEVICE_FAMILY = "1,2";
				TEST_HOST = "$(BUILT_PRODUCTS_DIR)/UIPractice0.app/$(BUNDLE_EXECUTABLE_FOLDER_PATH)/UIPractice0";
			};
			name = Debug;
		};
		F9AEF7D02DB9F13800D71EA3 /* Release */ = {
			isa = XCBuildConfiguration;
			buildSettings = {
				BUNDLE_LOADER = "$(TEST_HOST)";
				CODE_SIGN_STYLE = Automatic;
				CURRENT_PROJECT_VERSION = 1;
				DEVELOPMENT_TEAM = 95FV8GCJUC;
				GENERATE_INFOPLIST_FILE = YES;
				IPHONEOS_DEPLOYMENT_TARGET = 18.2;
				MARKETING_VERSION = 1.0;
				PRODUCT_BUNDLE_IDENTIFIER = hyo.UIPractice0Tests;
				PRODUCT_NAME = "$(TARGET_NAME)";
				SWIFT_EMIT_LOC_STRINGS = NO;
				SWIFT_VERSION = 5.0;
				TARGETED_DEVICE_FAMILY = "1,2";
				TEST_HOST = "$(BUILT_PRODUCTS_DIR)/UIPractice0.app/$(BUNDLE_EXECUTABLE_FOLDER_PATH)/UIPractice0";
			};
			name = Release;
		};
		F9AEF7D22DB9F13800D71EA3 /* Debug */ = {
			isa = XCBuildConfiguration;
			buildSettings = {
				CODE_SIGN_STYLE = Automatic;
				CURRENT_PROJECT_VERSION = 1;
				DEVELOPMENT_TEAM = 95FV8GCJUC;
				GENERATE_INFOPLIST_FILE = YES;
				MARKETING_VERSION = 1.0;
				PRODUCT_BUNDLE_IDENTIFIER = hyo.UIPractice0UITests;
				PRODUCT_NAME = "$(TARGET_NAME)";
				SWIFT_EMIT_LOC_STRINGS = NO;
				SWIFT_VERSION = 5.0;
				TARGETED_DEVICE_FAMILY = "1,2";
				TEST_TARGET_NAME = UIPractice0;
			};
			name = Debug;
		};
		F9AEF7D32DB9F13800D71EA3 /* Release */ = {
			isa = XCBuildConfiguration;
			buildSettings = {
				CODE_SIGN_STYLE = Automatic;
				CURRENT_PROJECT_VERSION = 1;
				DEVELOPMENT_TEAM = 95FV8GCJUC;
				GENERATE_INFOPLIST_FILE = YES;
				MARKETING_VERSION = 1.0;
				PRODUCT_BUNDLE_IDENTIFIER = hyo.UIPractice0UITests;
				PRODUCT_NAME = "$(TARGET_NAME)";
				SWIFT_EMIT_LOC_STRINGS = NO;
				SWIFT_VERSION = 5.0;
				TARGETED_DEVICE_FAMILY = "1,2";
				TEST_TARGET_NAME = UIPractice0;
			};
			name = Release;
		};
/* End XCBuildConfiguration section */

/* Begin XCConfigurationList section */
		F9AEF7A22DB9F13600D71EA3 /* Build configuration list for PBXProject "UIPractice0" */ = {
			isa = XCConfigurationList;
			buildConfigurations = (
				F9AEF7C92DB9F13800D71EA3 /* Debug */,
				F9AEF7CA2DB9F13800D71EA3 /* Release */,
			);
			defaultConfigurationIsVisible = 0;
			defaultConfigurationName = Release;
		};
		F9AEF7CB2DB9F13800D71EA3 /* Build configuration list for PBXNativeTarget "UIPractice0" */ = {
			isa = XCConfigurationList;
			buildConfigurations = (
				F9AEF7CC2DB9F13800D71EA3 /* Debug */,
				F9AEF7CD2DB9F13800D71EA3 /* Release */,
			);
			defaultConfigurationIsVisible = 0;
			defaultConfigurationName = Release;
		};
		F9AEF7CE2DB9F13800D71EA3 /* Build configuration list for PBXNativeTarget "UIPractice0Tests" */ = {
			isa = XCConfigurationList;
			buildConfigurations = (
				F9AEF7CF2DB9F13800D71EA3 /* Debug */,
				F9AEF7D02DB9F13800D71EA3 /* Release */,
			);
			defaultConfigurationIsVisible = 0;
			defaultConfigurationName = Release;
		};
		F9AEF7D12DB9F13800D71EA3 /* Build configuration list for PBXNativeTarget "UIPractice0UITests" */ = {
			isa = XCConfigurationList;
			buildConfigurations = (
				F9AEF7D22DB9F13800D71EA3 /* Debug */,
				F9AEF7D32DB9F13800D71EA3 /* Release */,
			);
			defaultConfigurationIsVisible = 0;
			defaultConfigurationName = Release;
		};
/* End XCConfigurationList section */
	};
	rootObject = F9AEF79F2DB9F13600D71EA3 /* Project object */;
}
