// !$*UTF8*$!
{
	archiveVersion = 1;
	classes = {
	};
	objectVersion = 77;
	objects = {

/* Begin PBXContainerItemProxy section */
		F9C812B92DB0F26B00839E95 /* PBXContainerItemProxy */ = {
			isa = PBXContainerItemProxy;
			containerPortal = F9C812A02DB0F26A00839E95 /* Project object */;
			proxyType = 1;
			remoteGlobalIDString = F9C812A72DB0F26A00839E95;
			remoteInfo = CreditCalc;
		};
		F9C812C32DB0F26B00839E95 /* PBXContainerItemProxy */ = {
			isa = PBXContainerItemProxy;
			containerPortal = F9C812A02DB0F26A00839E95 /* Project object */;
			proxyType = 1;
			remoteGlobalIDString = F9C812A72DB0F26A00839E95;
			remoteInfo = CreditCalc;
		};
/* End PBXContainerItemProxy section */

/* Begin PBXFileReference section */
		F9C812A82DB0F26A00839E95 /* CreditCalc.app */ = {isa = PBXFileReference; explicitFileType = wrapper.application; includeInIndex = 0; path = CreditCalc.app; sourceTree = BUILT_PRODUCTS_DIR; };
		F9C812B82DB0F26B00839E95 /* CreditCalcTests.xctest */ = {isa = PBXFileReference; explicitFileType = wrapper.cfbundle; includeInIndex = 0; path = CreditCalcTests.xctest; sourceTree = BUILT_PRODUCTS_DIR; };
		F9C812C22DB0F26B00839E95 /* CreditCalcUITests.xctest */ = {isa = PBXFileReference; explicitFileType = wrapper.cfbundle; includeInIndex = 0; path = CreditCalcUITests.xctest; sourceTree = BUILT_PRODUCTS_DIR; };
/* End PBXFileReference section */

/* Begin PBXFileSystemSynchronizedRootGroup section */
		F9C812AA2DB0F26A00839E95 /* CreditCalc */ = {
			isa = PBXFileSystemSynchronizedRootGroup;
			path = CreditCalc;
			sourceTree = "<group>";
		};
		F9C812BB2DB0F26B00839E95 /* CreditCalcTests */ = {
			isa = PBXFileSystemSynchronizedRootGroup;
			path = CreditCalcTests;
			sourceTree = "<group>";
		};
		F9C812C52DB0F26B00839E95 /* CreditCalcUITests */ = {
			isa = PBXFileSystemSynchronizedRootGroup;
			path = CreditCalcUITests;
			sourceTree = "<group>";
		};
/* End PBXFileSystemSynchronizedRootGroup section */

/* Begin PBXFrameworksBuildPhase section */
		F9C812A52DB0F26A00839E95 /* Frameworks */ = {
			isa = PBXFrameworksBuildPhase;
			buildActionMask = 2147483647;
			files = (
			);
			runOnlyForDeploymentPostprocessing = 0;
		};
		F9C812B52DB0F26B00839E95 /* Frameworks */ = {
			isa = PBXFrameworksBuildPhase;
			buildActionMask = 2147483647;
			files = (
			);
			runOnlyForDeploymentPostprocessing = 0;
		};
		F9C812BF2DB0F26B00839E95 /* Frameworks */ = {
			isa = PBXFrameworksBuildPhase;
			buildActionMask = 2147483647;
			files = (
			);
			runOnlyForDeploymentPostprocessing = 0;
		};
/* End PBXFrameworksBuildPhase section */

/* Begin PBXGroup section */
		F9C8129F2DB0F26A00839E95 = {
			isa = PBXGroup;
			children = (
				F9C812AA2DB0F26A00839E95 /* CreditCalc */,
				F9C812BB2DB0F26B00839E95 /* CreditCalcTests */,
				F9C812C52DB0F26B00839E95 /* CreditCalcUITests */,
				F9C812A92DB0F26A00839E95 /* Products */,
			);
			sourceTree = "<group>";
		};
		F9C812A92DB0F26A00839E95 /* Products */ = {
			isa = PBXGroup;
			children = (
				F9C812A82DB0F26A00839E95 /* CreditCalc.app */,
				F9C812B82DB0F26B00839E95 /* CreditCalcTests.xctest */,
				F9C812C22DB0F26B00839E95 /* CreditCalcUITests.xctest */,
			);
			name = Products;
			sourceTree = "<group>";
		};
/* End PBXGroup section */

/* Begin PBXNativeTarget section */
		F9C812A72DB0F26A00839E95 /* CreditCalc */ = {
			isa = PBXNativeTarget;
			buildConfigurationList = F9C812CC2DB0F26B00839E95 /* Build configuration list for PBXNativeTarget "CreditCalc" */;
			buildPhases = (
				F9C812A42DB0F26A00839E95 /* Sources */,
				F9C812A52DB0F26A00839E95 /* Frameworks */,
				F9C812A62DB0F26A00839E95 /* Resources */,
			);
			buildRules = (
			);
			dependencies = (
			);
			fileSystemSynchronizedGroups = (
				F9C812AA2DB0F26A00839E95 /* CreditCalc */,
			);
			name = CreditCalc;
			packageProductDependencies = (
			);
			productName = CreditCalc;
			productReference = F9C812A82DB0F26A00839E95 /* CreditCalc.app */;
			productType = "com.apple.product-type.application";
		};
		F9C812B72DB0F26B00839E95 /* CreditCalcTests */ = {
			isa = PBXNativeTarget;
			buildConfigurationList = F9C812CF2DB0F26B00839E95 /* Build configuration list for PBXNativeTarget "CreditCalcTests" */;
			buildPhases = (
				F9C812B42DB0F26B00839E95 /* Sources */,
				F9C812B52DB0F26B00839E95 /* Frameworks */,
				F9C812B62DB0F26B00839E95 /* Resources */,
			);
			buildRules = (
			);
			dependencies = (
				F9C812BA2DB0F26B00839E95 /* PBXTargetDependency */,
			);
			fileSystemSynchronizedGroups = (
				F9C812BB2DB0F26B00839E95 /* CreditCalcTests */,
			);
			name = CreditCalcTests;
			packageProductDependencies = (
			);
			productName = CreditCalcTests;
			productReference = F9C812B82DB0F26B00839E95 /* CreditCalcTests.xctest */;
			productType = "com.apple.product-type.bundle.unit-test";
		};
		F9C812C12DB0F26B00839E95 /* CreditCalcUITests */ = {
			isa = PBXNativeTarget;
			buildConfigurationList = F9C812D22DB0F26B00839E95 /* Build configuration list for PBXNativeTarget "CreditCalcUITests" */;
			buildPhases = (
				F9C812BE2DB0F26B00839E95 /* Sources */,
				F9C812BF2DB0F26B00839E95 /* Frameworks */,
				F9C812C02DB0F26B00839E95 /* Resources */,
			);
			buildRules = (
			);
			dependencies = (
				F9C812C42DB0F26B00839E95 /* PBXTargetDependency */,
			);
			fileSystemSynchronizedGroups = (
				F9C812C52DB0F26B00839E95 /* CreditCalcUITests */,
			);
			name = CreditCalcUITests;
			packageProductDependencies = (
			);
			productName = CreditCalcUITests;
			productReference = F9C812C22DB0F26B00839E95 /* CreditCalcUITests.xctest */;
			productType = "com.apple.product-type.bundle.ui-testing";
		};
/* End PBXNativeTarget section */

/* Begin PBXProject section */
		F9C812A02DB0F26A00839E95 /* Project object */ = {
			isa = PBXProject;
			attributes = {
				BuildIndependentTargetsInParallel = 1;
				LastSwiftUpdateCheck = 1620;
				LastUpgradeCheck = 1620;
				TargetAttributes = {
					F9C812A72DB0F26A00839E95 = {
						CreatedOnToolsVersion = 16.2;
					};
					F9C812B72DB0F26B00839E95 = {
						CreatedOnToolsVersion = 16.2;
						TestTargetID = F9C812A72DB0F26A00839E95;
					};
					F9C812C12DB0F26B00839E95 = {
						CreatedOnToolsVersion = 16.2;
						TestTargetID = F9C812A72DB0F26A00839E95;
					};
				};
			};
			buildConfigurationList = F9C812A32DB0F26A00839E95 /* Build configuration list for PBXProject "CreditCalc" */;
			developmentRegion = en;
			hasScannedForEncodings = 0;
			knownRegions = (
				en,
				Base,
			);
			mainGroup = F9C8129F2DB0F26A00839E95;
			minimizedProjectReferenceProxies = 1;
			preferredProjectObjectVersion = 77;
			productRefGroup = F9C812A92DB0F26A00839E95 /* Products */;
			projectDirPath = "";
			projectRoot = "";
			targets = (
				F9C812A72DB0F26A00839E95 /* CreditCalc */,
				F9C812B72DB0F26B00839E95 /* CreditCalcTests */,
				F9C812C12DB0F26B00839E95 /* CreditCalcUITests */,
			);
		};
/* End PBXProject section */

/* Begin PBXResourcesBuildPhase section */
		F9C812A62DB0F26A00839E95 /* Resources */ = {
			isa = PBXResourcesBuildPhase;
			buildActionMask = 2147483647;
			files = (
			);
			runOnlyForDeploymentPostprocessing = 0;
		};
		F9C812B62DB0F26B00839E95 /* Resources */ = {
			isa = PBXResourcesBuildPhase;
			buildActionMask = 2147483647;
			files = (
			);
			runOnlyForDeploymentPostprocessing = 0;
		};
		F9C812C02DB0F26B00839E95 /* Resources */ = {
			isa = PBXResourcesBuildPhase;
			buildActionMask = 2147483647;
			files = (
			);
			runOnlyForDeploymentPostprocessing = 0;
		};
/* End PBXResourcesBuildPhase section */

/* Begin PBXSourcesBuildPhase section */
		F9C812A42DB0F26A00839E95 /* Sources */ = {
			isa = PBXSourcesBuildPhase;
			buildActionMask = 2147483647;
			files = (
			);
			runOnlyForDeploymentPostprocessing = 0;
		};
		F9C812B42DB0F26B00839E95 /* Sources */ = {
			isa = PBXSourcesBuildPhase;
			buildActionMask = 2147483647;
			files = (
			);
			runOnlyForDeploymentPostprocessing = 0;
		};
		F9C812BE2DB0F26B00839E95 /* Sources */ = {
			isa = PBXSourcesBuildPhase;
			buildActionMask = 2147483647;
			files = (
			);
			runOnlyForDeploymentPostprocessing = 0;
		};
/* End PBXSourcesBuildPhase section */

/* Begin PBXTargetDependency section */
		F9C812BA2DB0F26B00839E95 /* PBXTargetDependency */ = {
			isa = PBXTargetDependency;
			target = F9C812A72DB0F26A00839E95 /* CreditCalc */;
			targetProxy = F9C812B92DB0F26B00839E95 /* PBXContainerItemProxy */;
		};
		F9C812C42DB0F26B00839E95 /* PBXTargetDependency */ = {
			isa = PBXTargetDependency;
			target = F9C812A72DB0F26A00839E95 /* CreditCalc */;
			targetProxy = F9C812C32DB0F26B00839E95 /* PBXContainerItemProxy */;
		};
/* End PBXTargetDependency section */

/* Begin XCBuildConfiguration section */
		F9C812CA2DB0F26B00839E95 /* Debug */ = {
			isa = XCBuildConfiguration;
			buildSettings = {
				ALWAYS_SEARCH_USER_PATHS = NO;
				ASSETCATALOG_COMPILER_GENERATE_SWIFT_ASSET_SYMBOL_EXTENSIONS = YES;
				CLANG_ANALYZER_NONNULL = YES;
				CLANG_ANALYZER_NUMBER_OBJECT_CONVERSION = YES_AGGRESSIVE;
				CLANG_CXX_LANGUAGE_STANDARD = "gnu++20";
				CLANG_ENABLE_MODULES = YES;
				CLANG_ENABLE_OBJC_ARC = YES;
				CLANG_ENABLE_OBJC_WEAK = YES;
				CLANG_WARN_BLOCK_CAPTURE_AUTORELEASING = YES;
				CLANG_WARN_BOOL_CONVERSION = YES;
				CLANG_WARN_COMMA = YES;
				CLANG_WARN_CONSTANT_CONVERSION = YES;
				CLANG_WARN_DEPRECATED_OBJC_IMPLEMENTATIONS = YES;
				CLANG_WARN_DIRECT_OBJC_ISA_USAGE = YES_ERROR;
				CLANG_WARN_DOCUMENTATION_COMMENTS = YES;
				CLANG_WARN_EMPTY_BODY = YES;
				CLANG_WARN_ENUM_CONVERSION = YES;
				CLANG_WARN_INFINITE_RECURSION = YES;
				CLANG_WARN_INT_CONVERSION = YES;
				CLANG_WARN_NON_LITERAL_NULL_CONVERSION = YES;
				CLANG_WARN_OBJC_IMPLICIT_RETAIN_SELF = YES;
				CLANG_WARN_OBJC_LITERAL_CONVERSION = YES;
				CLANG_WARN_OBJC_ROOT_CLASS = YES_ERROR;
				CLANG_WARN_QUOTED_INCLUDE_IN_FRAMEWORK_HEADER = YES;
				CLANG_WARN_RANGE_LOOP_ANALYSIS = YES;
				CLANG_WARN_STRICT_PROTOTYPES = YES;
				CLANG_WARN_SUSPICIOUS_MOVE = YES;
				CLANG_WARN_UNGUARDED_AVAILABILITY = YES_AGGRESSIVE;
				CLANG_WARN_UNREACHABLE_CODE = YES;
				CLANG_WARN__DUPLICATE_METHOD_MATCH = YES;
				COPY_PHASE_STRIP = NO;
				DEBUG_INFORMATION_FORMAT = dwarf;
				ENABLE_STRICT_OBJC_MSGSEND = YES;
				ENABLE_TESTABILITY = YES;
				ENABLE_USER_SCRIPT_SANDBOXING = YES;
				GCC_C_LANGUAGE_STANDARD = gnu17;
				GCC_DYNAMIC_NO_PIC = NO;
				GCC_NO_COMMON_BLOCKS = YES;
				GCC_OPTIMIZATION_LEVEL = 0;
				GCC_PREPROCESSOR_DEFINITIONS = (
					"DEBUG=1",
					"$(inherited)",
				);
				GCC_WARN_64_TO_32_BIT_CONVERSION = YES;
				GCC_WARN_ABOUT_RETURN_TYPE = YES_ERROR;
				GCC_WARN_UNDECLARED_SELECTOR = YES;
				GCC_WARN_UNINITIALIZED_AUTOS = YES_AGGRESSIVE;
				GCC_WARN_UNUSED_FUNCTION = YES;
				GCC_WARN_UNUSED_VARIABLE = YES;
				IPHONEOS_DEPLOYMENT_TARGET = 18.2;
				LOCALIZATION_PREFERS_STRING_CATALOGS = YES;
				MTL_ENABLE_DEBUG_INFO = INCLUDE_SOURCE;
				MTL_FAST_MATH = YES;
				ONLY_ACTIVE_ARCH = YES;
				SDKROOT = iphoneos;
				SWIFT_ACTIVE_COMPILATION_CONDITIONS = "DEBUG $(inherited)";
				SWIFT_OPTIMIZATION_LEVEL = "-Onone";
			};
			name = Debug;
		};
		F9C812CB2DB0F26B00839E95 /* Release */ = {
			isa = XCBuildConfiguration;
			buildSettings = {
				ALWAYS_SEARCH_USER_PATHS = NO;
				ASSETCATALOG_COMPILER_GENERATE_SWIFT_ASSET_SYMBOL_EXTENSIONS = YES;
				CLANG_ANALYZER_NONNULL = YES;
				CLANG_ANALYZER_NUMBER_OBJECT_CONVERSION = YES_AGGRESSIVE;
				CLANG_CXX_LANGUAGE_STANDARD = "gnu++20";
				CLANG_ENABLE_MODULES = YES;
				CLANG_ENABLE_OBJC_ARC = YES;
				CLANG_ENABLE_OBJC_WEAK = YES;
				CLANG_WARN_BLOCK_CAPTURE_AUTORELEASING = YES;
				CLANG_WARN_BOOL_CONVERSION = YES;
				CLANG_WARN_COMMA = YES;
				CLANG_WARN_CONSTANT_CONVERSION = YES;
				CLANG_WARN_DEPRECATED_OBJC_IMPLEMENTATIONS = YES;
				CLANG_WARN_DIRECT_OBJC_ISA_USAGE = YES_ERROR;
				CLANG_WARN_DOCUMENTATION_COMMENTS = YES;
				CLANG_WARN_EMPTY_BODY = YES;
				CLANG_WARN_ENUM_CONVERSION = YES;
				CLANG_WARN_INFINITE_RECURSION = YES;
				CLANG_WARN_INT_CONVERSION = YES;
				CLANG_WARN_NON_LITERAL_NULL_CONVERSION = YES;
				CLANG_WARN_OBJC_IMPLICIT_RETAIN_SELF = YES;
				CLANG_WARN_OBJC_LITERAL_CONVERSION = YES;
				CLANG_WARN_OBJC_ROOT_CLASS = YES_ERROR;
				CLANG_WARN_QUOTED_INCLUDE_IN_FRAMEWORK_HEADER = YES;
				CLANG_WARN_RANGE_LOOP_ANALYSIS = YES;
				CLANG_WARN_STRICT_PROTOTYPES = YES;
				CLANG_WARN_SUSPICIOUS_MOVE = YES;
				CLANG_WARN_UNGUARDED_AVAILABILITY = YES_AGGRESSIVE;
				CLANG_WARN_UNREACHABLE_CODE = YES;
				CLANG_WARN__DUPLICATE_METHOD_MATCH = YES;
				COPY_PHASE_STRIP = NO;
				DEBUG_INFORMATION_FORMAT = "dwarf-with-dsym";
				ENABLE_NS_ASSERTIONS = NO;
				ENABLE_STRICT_OBJC_MSGSEND = YES;
				ENABLE_USER_SCRIPT_SANDBOXING = YES;
				GCC_C_LANGUAGE_STANDARD = gnu17;
				GCC_NO_COMMON_BLOCKS = YES;
				GCC_WARN_64_TO_32_BIT_CONVERSION = YES;
				GCC_WARN_ABOUT_RETURN_TYPE = YES_ERROR;
				GCC_WARN_UNDECLARED_SELECTOR = YES;
				GCC_WARN_UNINITIALIZED_AUTOS = YES_AGGRESSIVE;
				GCC_WARN_UNUSED_FUNCTION = YES;
				GCC_WARN_UNUSED_VARIABLE = YES;
				IPHONEOS_DEPLOYMENT_TARGET = 18.2;
				LOCALIZATION_PREFERS_STRING_CATALOGS = YES;
				MTL_ENABLE_DEBUG_INFO = NO;
				MTL_FAST_MATH = YES;
				SDKROOT = iphoneos;
				SWIFT_COMPILATION_MODE = wholemodule;
				VALIDATE_PRODUCT = YES;
			};
			name = Release;
		};
		F9C812CD2DB0F26B00839E95 /* Debug */ = {
			isa = XCBuildConfiguration;
			buildSettings = {
				ASSETCATALOG_COMPILER_APPICON_NAME = AppIcon;
				ASSETCATALOG_COMPILER_GLOBAL_ACCENT_COLOR_NAME = AccentColor;
				CODE_SIGN_STYLE = Automatic;
				CURRENT_PROJECT_VERSION = 1;
				DEVELOPMENT_ASSET_PATHS = "\"CreditCalc/Preview Content\"";
				DEVELOPMENT_TEAM = 95FV8GCJUC;
				ENABLE_PREVIEWS = YES;
				GENERATE_INFOPLIST_FILE = YES;
				INFOPLIST_KEY_UIApplicationSceneManifest_Generation = YES;
				INFOPLIST_KEY_UIApplicationSupportsIndirectInputEvents = YES;
				INFOPLIST_KEY_UILaunchScreen_Generation = YES;
				INFOPLIST_KEY_UISupportedInterfaceOrientations_iPad = "UIInterfaceOrientationPortrait UIInterfaceOrientationPortraitUpsideDown UIInterfaceOrientationLandscapeLeft UIInterfaceOrientationLandscapeRight";
				INFOPLIST_KEY_UISupportedInterfaceOrientations_iPhone = "UIInterfaceOrientationPortrait UIInterfaceOrientationLandscapeLeft UIInterfaceOrientationLandscapeRight";
				LD_RUNPATH_SEARCH_PATHS = (
					"$(inherited)",
					"@executable_path/Frameworks",
				);
				MARKETING_VERSION = 1.0;
				PRODUCT_BUNDLE_IDENTIFIER = hyo.CreditCalc;
				PRODUCT_NAME = "$(TARGET_NAME)";
				SWIFT_EMIT_LOC_STRINGS = YES;
				SWIFT_VERSION = 5.0;
				TARGETED_DEVICE_FAMILY = "1,2";
			};
			name = Debug;
		};
		F9C812CE2DB0F26B00839E95 /* Release */ = {
			isa = XCBuildConfiguration;
			buildSettings = {
				ASSETCATALOG_COMPILER_APPICON_NAME = AppIcon;
				ASSETCATALOG_COMPILER_GLOBAL_ACCENT_COLOR_NAME = AccentColor;
				CODE_SIGN_STYLE = Automatic;
				CURRENT_PROJECT_VERSION = 1;
				DEVELOPMENT_ASSET_PATHS = "\"CreditCalc/Preview Content\"";
				DEVELOPMENT_TEAM = 95FV8GCJUC;
				ENABLE_PREVIEWS = YES;
				GENERATE_INFOPLIST_FILE = YES;
				INFOPLIST_KEY_UIApplicationSceneManifest_Generation = YES;
				INFOPLIST_KEY_UIApplicationSupportsIndirectInputEvents = YES;
				INFOPLIST_KEY_UILaunchScreen_Generation = YES;
				INFOPLIST_KEY_UISupportedInterfaceOrientations_iPad = "UIInterfaceOrientationPortrait UIInterfaceOrientationPortraitUpsideDown UIInterfaceOrientationLandscapeLeft UIInterfaceOrientationLandscapeRight";
				INFOPLIST_KEY_UISupportedInterfaceOrientations_iPhone = "UIInterfaceOrientationPortrait UIInterfaceOrientationLandscapeLeft UIInterfaceOrientationLandscapeRight";
				LD_RUNPATH_SEARCH_PATHS = (
					"$(inherited)",
					"@executable_path/Frameworks",
				);
				MARKETING_VERSION = 1.0;
				PRODUCT_BUNDLE_IDENTIFIER = hyo.CreditCalc;
				PRODUCT_NAME = "$(TARGET_NAME)";
				SWIFT_EMIT_LOC_STRINGS = YES;
				SWIFT_VERSION = 5.0;
				TARGETED_DEVICE_FAMILY = "1,2";
			};
			name = Release;
		};
		F9C812D02DB0F26B00839E95 /* Debug */ = {
			isa = XCBuildConfiguration;
			buildSettings = {
				BUNDLE_LOADER = "$(TEST_HOST)";
				CODE_SIGN_STYLE = Automatic;
				CURRENT_PROJECT_VERSION = 1;
				DEVELOPMENT_TEAM = 95FV8GCJUC;
				GENERATE_INFOPLIST_FILE = YES;
				IPHONEOS_DEPLOYMENT_TARGET = 18.2;
				MARKETING_VERSION = 1.0;
				PRODUCT_BUNDLE_IDENTIFIER = hyo.CreditCalcTests;
				PRODUCT_NAME = "$(TARGET_NAME)";
				SWIFT_EMIT_LOC_STRINGS = NO;
				SWIFT_VERSION = 5.0;
				TARGETED_DEVICE_FAMILY = "1,2";
				TEST_HOST = "$(BUILT_PRODUCTS_DIR)/CreditCalc.app/$(BUNDLE_EXECUTABLE_FOLDER_PATH)/CreditCalc";
			};
			name = Debug;
		};
		F9C812D12DB0F26B00839E95 /* Release */ = {
			isa = XCBuildConfiguration;
			buildSettings = {
				BUNDLE_LOADER = "$(TEST_HOST)";
				CODE_SIGN_STYLE = Automatic;
				CURRENT_PROJECT_VERSION = 1;
				DEVELOPMENT_TEAM = 95FV8GCJUC;
				GENERATE_INFOPLIST_FILE = YES;
				IPHONEOS_DEPLOYMENT_TARGET = 18.2;
				MARKETING_VERSION = 1.0;
				PRODUCT_BUNDLE_IDENTIFIER = hyo.CreditCalcTests;
				PRODUCT_NAME = "$(TARGET_NAME)";
				SWIFT_EMIT_LOC_STRINGS = NO;
				SWIFT_VERSION = 5.0;
				TARGETED_DEVICE_FAMILY = "1,2";
				TEST_HOST = "$(BUILT_PRODUCTS_DIR)/CreditCalc.app/$(BUNDLE_EXECUTABLE_FOLDER_PATH)/CreditCalc";
			};
			name = Release;
		};
		F9C812D32DB0F26B00839E95 /* Debug */ = {
			isa = XCBuildConfiguration;
			buildSettings = {
				CODE_SIGN_STYLE = Automatic;
				CURRENT_PROJECT_VERSION = 1;
				DEVELOPMENT_TEAM = 95FV8GCJUC;
				GENERATE_INFOPLIST_FILE = YES;
				MARKETING_VERSION = 1.0;
				PRODUCT_BUNDLE_IDENTIFIER = hyo.CreditCalcUITests;
				PRODUCT_NAME = "$(TARGET_NAME)";
				SWIFT_EMIT_LOC_STRINGS = NO;
				SWIFT_VERSION = 5.0;
				TARGETED_DEVICE_FAMILY = "1,2";
				TEST_TARGET_NAME = CreditCalc;
			};
			name = Debug;
		};
		F9C812D42DB0F26B00839E95 /* Release */ = {
			isa = XCBuildConfiguration;
			buildSettings = {
				CODE_SIGN_STYLE = Automatic;
				CURRENT_PROJECT_VERSION = 1;
				DEVELOPMENT_TEAM = 95FV8GCJUC;
				GENERATE_INFOPLIST_FILE = YES;
				MARKETING_VERSION = 1.0;
				PRODUCT_BUNDLE_IDENTIFIER = hyo.CreditCalcUITests;
				PRODUCT_NAME = "$(TARGET_NAME)";
				SWIFT_EMIT_LOC_STRINGS = NO;
				SWIFT_VERSION = 5.0;
				TARGETED_DEVICE_FAMILY = "1,2";
				TEST_TARGET_NAME = CreditCalc;
			};
			name = Release;
		};
/* End XCBuildConfiguration section */

/* Begin XCConfigurationList section */
		F9C812A32DB0F26A00839E95 /* Build configuration list for PBXProject "CreditCalc" */ = {
			isa = XCConfigurationList;
			buildConfigurations = (
				F9C812CA2DB0F26B00839E95 /* Debug */,
				F9C812CB2DB0F26B00839E95 /* Release */,
			);
			defaultConfigurationIsVisible = 0;
			defaultConfigurationName = Release;
		};
		F9C812CC2DB0F26B00839E95 /* Build configuration list for PBXNativeTarget "CreditCalc" */ = {
			isa = XCConfigurationList;
			buildConfigurations = (
				F9C812CD2DB0F26B00839E95 /* Debug */,
				F9C812CE2DB0F26B00839E95 /* Release */,
			);
			defaultConfigurationIsVisible = 0;
			defaultConfigurationName = Release;
		};
		F9C812CF2DB0F26B00839E95 /* Build configuration list for PBXNativeTarget "CreditCalcTests" */ = {
			isa = XCConfigurationList;
			buildConfigurations = (
				F9C812D02DB0F26B00839E95 /* Debug */,
				F9C812D12DB0F26B00839E95 /* Release */,
			);
			defaultConfigurationIsVisible = 0;
			defaultConfigurationName = Release;
		};
		F9C812D22DB0F26B00839E95 /* Build configuration list for PBXNativeTarget "CreditCalcUITests" */ = {
			isa = XCConfigurationList;
			buildConfigurations = (
				F9C812D32DB0F26B00839E95 /* Debug */,
				F9C812D42DB0F26B00839E95 /* Release */,
			);
			defaultConfigurationIsVisible = 0;
			defaultConfigurationName = Release;
		};
/* End XCConfigurationList section */
	};
	rootObject = F9C812A02DB0F26A00839E95 /* Project object */;
}
