// !$*UTF8*$!
{
	archiveVersion = 1;
	classes = {
	};
	objectVersion = 77;
	objects = {

/* Begin PBXContainerItemProxy section */
		F99BFB942DB0CCC800F9C72B /* PBXContainerItemProxy */ = {
			isa = PBXContainerItemProxy;
			containerPortal = F99BFB7B2DB0CCC700F9C72B /* Project object */;
			proxyType = 1;
			remoteGlobalIDString = F99BFB822DB0CCC700F9C72B;
			remoteInfo = SunnyDay;
		};
		F99BFB9E2DB0CCC800F9C72B /* PBXContainerItemProxy */ = {
			isa = PBXContainerItemProxy;
			containerPortal = F99BFB7B2DB0CCC700F9C72B /* Project object */;
			proxyType = 1;
			remoteGlobalIDString = F99BFB822DB0CCC700F9C72B;
			remoteInfo = SunnyDay;
		};
/* End PBXContainerItemProxy section */

/* Begin PBXFileReference section */
		F99BFB832DB0CCC700F9C72B /* SunnyDay.app */ = {isa = PBXFileReference; explicitFileType = wrapper.application; includeInIndex = 0; path = SunnyDay.app; sourceTree = BUILT_PRODUCTS_DIR; };
		F99BFB932DB0CCC800F9C72B /* SunnyDayTests.xctest */ = {isa = PBXFileReference; explicitFileType = wrapper.cfbundle; includeInIndex = 0; path = SunnyDayTests.xctest; sourceTree = BUILT_PRODUCTS_DIR; };
		F99BFB9D2DB0CCC800F9C72B /* SunnyDayUITests.xctest */ = {isa = PBXFileReference; explicitFileType = wrapper.cfbundle; includeInIndex = 0; path = SunnyDayUITests.xctest; sourceTree = BUILT_PRODUCTS_DIR; };
/* End PBXFileReference section */

/* Begin PBXFileSystemSynchronizedRootGroup section */
		F99BFB852DB0CCC700F9C72B /* SunnyDay */ = {
			isa = PBXFileSystemSynchronizedRootGroup;
			path = SunnyDay;
			sourceTree = "<group>";
		};
		F99BFB962DB0CCC800F9C72B /* SunnyDayTests */ = {
			isa = PBXFileSystemSynchronizedRootGroup;
			path = SunnyDayTests;
			sourceTree = "<group>";
		};
		F99BFBA02DB0CCC800F9C72B /* SunnyDayUITests */ = {
			isa = PBXFileSystemSynchronizedRootGroup;
			path = SunnyDayUITests;
			sourceTree = "<group>";
		};
/* End PBXFileSystemSynchronizedRootGroup section */

/* Begin PBXFrameworksBuildPhase section */
		F99BFB802DB0CCC700F9C72B /* Frameworks */ = {
			isa = PBXFrameworksBuildPhase;
			buildActionMask = 2147483647;
			files = (
			);
			runOnlyForDeploymentPostprocessing = 0;
		};
		F99BFB902DB0CCC800F9C72B /* Frameworks */ = {
			isa = PBXFrameworksBuildPhase;
			buildActionMask = 2147483647;
			files = (
			);
			runOnlyForDeploymentPostprocessing = 0;
		};
		F99BFB9A2DB0CCC800F9C72B /* Frameworks */ = {
			isa = PBXFrameworksBuildPhase;
			buildActionMask = 2147483647;
			files = (
			);
			runOnlyForDeploymentPostprocessing = 0;
		};
/* End PBXFrameworksBuildPhase section */

/* Begin PBXGroup section */
		F99BFB7A2DB0CCC700F9C72B = {
			isa = PBXGroup;
			children = (
				F99BFB852DB0CCC700F9C72B /* SunnyDay */,
				F99BFB962DB0CCC800F9C72B /* SunnyDayTests */,
				F99BFBA02DB0CCC800F9C72B /* SunnyDayUITests */,
				F99BFB842DB0CCC700F9C72B /* Products */,
			);
			sourceTree = "<group>";
		};
		F99BFB842DB0CCC700F9C72B /* Products */ = {
			isa = PBXGroup;
			children = (
				F99BFB832DB0CCC700F9C72B /* SunnyDay.app */,
				F99BFB932DB0CCC800F9C72B /* SunnyDayTests.xctest */,
				F99BFB9D2DB0CCC800F9C72B /* SunnyDayUITests.xctest */,
			);
			name = Products;
			sourceTree = "<group>";
		};
/* End PBXGroup section */

/* Begin PBXNativeTarget section */
		F99BFB822DB0CCC700F9C72B /* SunnyDay */ = {
			isa = PBXNativeTarget;
			buildConfigurationList = F99BFBA72DB0CCC800F9C72B /* Build configuration list for PBXNativeTarget "SunnyDay" */;
			buildPhases = (
				F99BFB7F2DB0CCC700F9C72B /* Sources */,
				F99BFB802DB0CCC700F9C72B /* Frameworks */,
				F99BFB812DB0CCC700F9C72B /* Resources */,
			);
			buildRules = (
			);
			dependencies = (
			);
			fileSystemSynchronizedGroups = (
				F99BFB852DB0CCC700F9C72B /* SunnyDay */,
			);
			name = SunnyDay;
			packageProductDependencies = (
			);
			productName = SunnyDay;
			productReference = F99BFB832DB0CCC700F9C72B /* SunnyDay.app */;
			productType = "com.apple.product-type.application";
		};
		F99BFB922DB0CCC800F9C72B /* SunnyDayTests */ = {
			isa = PBXNativeTarget;
			buildConfigurationList = F99BFBAA2DB0CCC800F9C72B /* Build configuration list for PBXNativeTarget "SunnyDayTests" */;
			buildPhases = (
				F99BFB8F2DB0CCC800F9C72B /* Sources */,
				F99BFB902DB0CCC800F9C72B /* Frameworks */,
				F99BFB912DB0CCC800F9C72B /* Resources */,
			);
			buildRules = (
			);
			dependencies = (
				F99BFB952DB0CCC800F9C72B /* PBXTargetDependency */,
			);
			fileSystemSynchronizedGroups = (
				F99BFB962DB0CCC800F9C72B /* SunnyDayTests */,
			);
			name = SunnyDayTests;
			packageProductDependencies = (
			);
			productName = SunnyDayTests;
			productReference = F99BFB932DB0CCC800F9C72B /* SunnyDayTests.xctest */;
			productType = "com.apple.product-type.bundle.unit-test";
		};
		F99BFB9C2DB0CCC800F9C72B /* SunnyDayUITests */ = {
			isa = PBXNativeTarget;
			buildConfigurationList = F99BFBAD2DB0CCC800F9C72B /* Build configuration list for PBXNativeTarget "SunnyDayUITests" */;
			buildPhases = (
				F99BFB992DB0CCC800F9C72B /* Sources */,
				F99BFB9A2DB0CCC800F9C72B /* Frameworks */,
				F99BFB9B2DB0CCC800F9C72B /* Resources */,
			);
			buildRules = (
			);
			dependencies = (
				F99BFB9F2DB0CCC800F9C72B /* PBXTargetDependency */,
			);
			fileSystemSynchronizedGroups = (
				F99BFBA02DB0CCC800F9C72B /* SunnyDayUITests */,
			);
			name = SunnyDayUITests;
			packageProductDependencies = (
			);
			productName = SunnyDayUITests;
			productReference = F99BFB9D2DB0CCC800F9C72B /* SunnyDayUITests.xctest */;
			productType = "com.apple.product-type.bundle.ui-testing";
		};
/* End PBXNativeTarget section */

/* Begin PBXProject section */
		F99BFB7B2DB0CCC700F9C72B /* Project object */ = {
			isa = PBXProject;
			attributes = {
				BuildIndependentTargetsInParallel = 1;
				LastSwiftUpdateCheck = 1620;
				LastUpgradeCheck = 1620;
				TargetAttributes = {
					F99BFB822DB0CCC700F9C72B = {
						CreatedOnToolsVersion = 16.2;
					};
					F99BFB922DB0CCC800F9C72B = {
						CreatedOnToolsVersion = 16.2;
						TestTargetID = F99BFB822DB0CCC700F9C72B;
					};
					F99BFB9C2DB0CCC800F9C72B = {
						CreatedOnToolsVersion = 16.2;
						TestTargetID = F99BFB822DB0CCC700F9C72B;
					};
				};
			};
			buildConfigurationList = F99BFB7E2DB0CCC700F9C72B /* Build configuration list for PBXProject "SunnyDay" */;
			developmentRegion = en;
			hasScannedForEncodings = 0;
			knownRegions = (
				en,
				Base,
			);
			mainGroup = F99BFB7A2DB0CCC700F9C72B;
			minimizedProjectReferenceProxies = 1;
			preferredProjectObjectVersion = 77;
			productRefGroup = F99BFB842DB0CCC700F9C72B /* Products */;
			projectDirPath = "";
			projectRoot = "";
			targets = (
				F99BFB822DB0CCC700F9C72B /* SunnyDay */,
				F99BFB922DB0CCC800F9C72B /* SunnyDayTests */,
				F99BFB9C2DB0CCC800F9C72B /* SunnyDayUITests */,
			);
		};
/* End PBXProject section */

/* Begin PBXResourcesBuildPhase section */
		F99BFB812DB0CCC700F9C72B /* Resources */ = {
			isa = PBXResourcesBuildPhase;
			buildActionMask = 2147483647;
			files = (
			);
			runOnlyForDeploymentPostprocessing = 0;
		};
		F99BFB912DB0CCC800F9C72B /* Resources */ = {
			isa = PBXResourcesBuildPhase;
			buildActionMask = 2147483647;
			files = (
			);
			runOnlyForDeploymentPostprocessing = 0;
		};
		F99BFB9B2DB0CCC800F9C72B /* Resources */ = {
			isa = PBXResourcesBuildPhase;
			buildActionMask = 2147483647;
			files = (
			);
			runOnlyForDeploymentPostprocessing = 0;
		};
/* End PBXResourcesBuildPhase section */

/* Begin PBXSourcesBuildPhase section */
		F99BFB7F2DB0CCC700F9C72B /* Sources */ = {
			isa = PBXSourcesBuildPhase;
			buildActionMask = 2147483647;
			files = (
			);
			runOnlyForDeploymentPostprocessing = 0;
		};
		F99BFB8F2DB0CCC800F9C72B /* Sources */ = {
			isa = PBXSourcesBuildPhase;
			buildActionMask = 2147483647;
			files = (
			);
			runOnlyForDeploymentPostprocessing = 0;
		};
		F99BFB992DB0CCC800F9C72B /* Sources */ = {
			isa = PBXSourcesBuildPhase;
			buildActionMask = 2147483647;
			files = (
			);
			runOnlyForDeploymentPostprocessing = 0;
		};
/* End PBXSourcesBuildPhase section */

/* Begin PBXTargetDependency section */
		F99BFB952DB0CCC800F9C72B /* PBXTargetDependency */ = {
			isa = PBXTargetDependency;
			target = F99BFB822DB0CCC700F9C72B /* SunnyDay */;
			targetProxy = F99BFB942DB0CCC800F9C72B /* PBXContainerItemProxy */;
		};
		F99BFB9F2DB0CCC800F9C72B /* PBXTargetDependency */ = {
			isa = PBXTargetDependency;
			target = F99BFB822DB0CCC700F9C72B /* SunnyDay */;
			targetProxy = F99BFB9E2DB0CCC800F9C72B /* PBXContainerItemProxy */;
		};
/* End PBXTargetDependency section */

/* Begin XCBuildConfiguration section */
		F99BFBA52DB0CCC800F9C72B /* Debug */ = {
			isa = XCBuildConfiguration;
			buildSettings = {
				ALWAYS_SEARCH_USER_PATHS = NO;
				ASSETCATALOG_COMPILER_GENERATE_SWIFT_ASSET_SYMBOL_EXTENSIONS = YES;
				CLANG_ANALYZER_NONNULL = YES;
				CLANG_ANALYZER_NUMBER_OBJECT_CONVERSION = YES_AGGRESSIVE;
				CLANG_CXX_LANGUAGE_STANDARD = "gnu++20";
				CLANG_ENABLE_MODULES = YES;
				CLANG_ENABLE_OBJC_ARC = YES;
				CLANG_ENABLE_OBJC_WEAK = YES;
				CLANG_WARN_BLOCK_CAPTURE_AUTORELEASING = YES;
				CLANG_WARN_BOOL_CONVERSION = YES;
				CLANG_WARN_COMMA = YES;
				CLANG_WARN_CONSTANT_CONVERSION = YES;
				CLANG_WARN_DEPRECATED_OBJC_IMPLEMENTATIONS = YES;
				CLANG_WARN_DIRECT_OBJC_ISA_USAGE = YES_ERROR;
				CLANG_WARN_DOCUMENTATION_COMMENTS = YES;
				CLANG_WARN_EMPTY_BODY = YES;
				CLANG_WARN_ENUM_CONVERSION = YES;
				CLANG_WARN_INFINITE_RECURSION = YES;
				CLANG_WARN_INT_CONVERSION = YES;
				CLANG_WARN_NON_LITERAL_NULL_CONVERSION = YES;
				CLANG_WARN_OBJC_IMPLICIT_RETAIN_SELF = YES;
				CLANG_WARN_OBJC_LITERAL_CONVERSION = YES;
				CLANG_WARN_OBJC_ROOT_CLASS = YES_ERROR;
				CLANG_WARN_QUOTED_INCLUDE_IN_FRAMEWORK_HEADER = YES;
				CLANG_WARN_RANGE_LOOP_ANALYSIS = YES;
				CLANG_WARN_STRICT_PROTOTYPES = YES;
				CLANG_WARN_SUSPICIOUS_MOVE = YES;
				CLANG_WARN_UNGUARDED_AVAILABILITY = YES_AGGRESSIVE;
				CLANG_WARN_UNREACHABLE_CODE = YES;
				CLANG_WARN__DUPLICATE_METHOD_MATCH = YES;
				COPY_PHASE_STRIP = NO;
				DEBUG_INFORMATION_FORMAT = dwarf;
				ENABLE_STRICT_OBJC_MSGSEND = YES;
				ENABLE_TESTABILITY = YES;
				ENABLE_USER_SCRIPT_SANDBOXING = YES;
				GCC_C_LANGUAGE_STANDARD = gnu17;
				GCC_DYNAMIC_NO_PIC = NO;
				GCC_NO_COMMON_BLOCKS = YES;
				GCC_OPTIMIZATION_LEVEL = 0;
				GCC_PREPROCESSOR_DEFINITIONS = (
					"DEBUG=1",
					"$(inherited)",
				);
				GCC_WARN_64_TO_32_BIT_CONVERSION = YES;
				GCC_WARN_ABOUT_RETURN_TYPE = YES_ERROR;
				GCC_WARN_UNDECLARED_SELECTOR = YES;
				GCC_WARN_UNINITIALIZED_AUTOS = YES_AGGRESSIVE;
				GCC_WARN_UNUSED_FUNCTION = YES;
				GCC_WARN_UNUSED_VARIABLE = YES;
				IPHONEOS_DEPLOYMENT_TARGET = 18.2;
				LOCALIZATION_PREFERS_STRING_CATALOGS = YES;
				MTL_ENABLE_DEBUG_INFO = INCLUDE_SOURCE;
				MTL_FAST_MATH = YES;
				ONLY_ACTIVE_ARCH = YES;
				SDKROOT = iphoneos;
				SWIFT_ACTIVE_COMPILATION_CONDITIONS = "DEBUG $(inherited)";
				SWIFT_OPTIMIZATION_LEVEL = "-Onone";
			};
			name = Debug;
		};
		F99BFBA62DB0CCC800F9C72B /* Release */ = {
			isa = XCBuildConfiguration;
			buildSettings = {
				ALWAYS_SEARCH_USER_PATHS = NO;
				ASSETCATALOG_COMPILER_GENERATE_SWIFT_ASSET_SYMBOL_EXTENSIONS = YES;
				CLANG_ANALYZER_NONNULL = YES;
				CLANG_ANALYZER_NUMBER_OBJECT_CONVERSION = YES_AGGRESSIVE;
				CLANG_CXX_LANGUAGE_STANDARD = "gnu++20";
				CLANG_ENABLE_MODULES = YES;
				CLANG_ENABLE_OBJC_ARC = YES;
				CLANG_ENABLE_OBJC_WEAK = YES;
				CLANG_WARN_BLOCK_CAPTURE_AUTORELEASING = YES;
				CLANG_WARN_BOOL_CONVERSION = YES;
				CLANG_WARN_COMMA = YES;
				CLANG_WARN_CONSTANT_CONVERSION = YES;
				CLANG_WARN_DEPRECATED_OBJC_IMPLEMENTATIONS = YES;
				CLANG_WARN_DIRECT_OBJC_ISA_USAGE = YES_ERROR;
				CLANG_WARN_DOCUMENTATION_COMMENTS = YES;
				CLANG_WARN_EMPTY_BODY = YES;
				CLANG_WARN_ENUM_CONVERSION = YES;
				CLANG_WARN_INFINITE_RECURSION = YES;
				CLANG_WARN_INT_CONVERSION = YES;
				CLANG_WARN_NON_LITERAL_NULL_CONVERSION = YES;
				CLANG_WARN_OBJC_IMPLICIT_RETAIN_SELF = YES;
				CLANG_WARN_OBJC_LITERAL_CONVERSION = YES;
				CLANG_WARN_OBJC_ROOT_CLASS = YES_ERROR;
				CLANG_WARN_QUOTED_INCLUDE_IN_FRAMEWORK_HEADER = YES;
				CLANG_WARN_RANGE_LOOP_ANALYSIS = YES;
				CLANG_WARN_STRICT_PROTOTYPES = YES;
				CLANG_WARN_SUSPICIOUS_MOVE = YES;
				CLANG_WARN_UNGUARDED_AVAILABILITY = YES_AGGRESSIVE;
				CLANG_WARN_UNREACHABLE_CODE = YES;
				CLANG_WARN__DUPLICATE_METHOD_MATCH = YES;
				COPY_PHASE_STRIP = NO;
				DEBUG_INFORMATION_FORMAT = "dwarf-with-dsym";
				ENABLE_NS_ASSERTIONS = NO;
				ENABLE_STRICT_OBJC_MSGSEND = YES;
				ENABLE_USER_SCRIPT_SANDBOXING = YES;
				GCC_C_LANGUAGE_STANDARD = gnu17;
				GCC_NO_COMMON_BLOCKS = YES;
				GCC_WARN_64_TO_32_BIT_CONVERSION = YES;
				GCC_WARN_ABOUT_RETURN_TYPE = YES_ERROR;
				GCC_WARN_UNDECLARED_SELECTOR = YES;
				GCC_WARN_UNINITIALIZED_AUTOS = YES_AGGRESSIVE;
				GCC_WARN_UNUSED_FUNCTION = YES;
				GCC_WARN_UNUSED_VARIABLE = YES;
				IPHONEOS_DEPLOYMENT_TARGET = 18.2;
				LOCALIZATION_PREFERS_STRING_CATALOGS = YES;
				MTL_ENABLE_DEBUG_INFO = NO;
				MTL_FAST_MATH = YES;
				SDKROOT = iphoneos;
				SWIFT_COMPILATION_MODE = wholemodule;
				VALIDATE_PRODUCT = YES;
			};
			name = Release;
		};
		F99BFBA82DB0CCC800F9C72B /* Debug */ = {
			isa = XCBuildConfiguration;
			buildSettings = {
				ASSETCATALOG_COMPILER_APPICON_NAME = AppIcon;
				ASSETCATALOG_COMPILER_GLOBAL_ACCENT_COLOR_NAME = AccentColor;
				CODE_SIGN_STYLE = Automatic;
				CURRENT_PROJECT_VERSION = 1;
				DEVELOPMENT_ASSET_PATHS = "\"SunnyDay/Preview Content\"";
				DEVELOPMENT_TEAM = 95FV8GCJUC;
				ENABLE_PREVIEWS = YES;
				GENERATE_INFOPLIST_FILE = YES;
				INFOPLIST_KEY_UIApplicationSceneManifest_Generation = YES;
				INFOPLIST_KEY_UIApplicationSupportsIndirectInputEvents = YES;
				INFOPLIST_KEY_UILaunchScreen_Generation = YES;
				INFOPLIST_KEY_UISupportedInterfaceOrientations_iPad = "UIInterfaceOrientationPortrait UIInterfaceOrientationPortraitUpsideDown UIInterfaceOrientationLandscapeLeft UIInterfaceOrientationLandscapeRight";
				INFOPLIST_KEY_UISupportedInterfaceOrientations_iPhone = "UIInterfaceOrientationPortrait UIInterfaceOrientationLandscapeLeft UIInterfaceOrientationLandscapeRight";
				LD_RUNPATH_SEARCH_PATHS = (
					"$(inherited)",
					"@executable_path/Frameworks",
				);
				MARKETING_VERSION = 1.0;
				PRODUCT_BUNDLE_IDENTIFIER = hyo.SunnyDay;
				PRODUCT_NAME = "$(TARGET_NAME)";
				SWIFT_EMIT_LOC_STRINGS = YES;
				SWIFT_VERSION = 5.0;
				TARGETED_DEVICE_FAMILY = "1,2";
			};
			name = Debug;
		};
		F99BFBA92DB0CCC800F9C72B /* Release */ = {
			isa = XCBuildConfiguration;
			buildSettings = {
				ASSETCATALOG_COMPILER_APPICON_NAME = AppIcon;
				ASSETCATALOG_COMPILER_GLOBAL_ACCENT_COLOR_NAME = AccentColor;
				CODE_SIGN_STYLE = Automatic;
				CURRENT_PROJECT_VERSION = 1;
				DEVELOPMENT_ASSET_PATHS = "\"SunnyDay/Preview Content\"";
				DEVELOPMENT_TEAM = 95FV8GCJUC;
				ENABLE_PREVIEWS = YES;
				GENERATE_INFOPLIST_FILE = YES;
				INFOPLIST_KEY_UIApplicationSceneManifest_Generation = YES;
				INFOPLIST_KEY_UIApplicationSupportsIndirectInputEvents = YES;
				INFOPLIST_KEY_UILaunchScreen_Generation = YES;
				INFOPLIST_KEY_UISupportedInterfaceOrientations_iPad = "UIInterfaceOrientationPortrait UIInterfaceOrientationPortraitUpsideDown UIInterfaceOrientationLandscapeLeft UIInterfaceOrientationLandscapeRight";
				INFOPLIST_KEY_UISupportedInterfaceOrientations_iPhone = "UIInterfaceOrientationPortrait UIInterfaceOrientationLandscapeLeft UIInterfaceOrientationLandscapeRight";
				LD_RUNPATH_SEARCH_PATHS = (
					"$(inherited)",
					"@executable_path/Frameworks",
				);
				MARKETING_VERSION = 1.0;
				PRODUCT_BUNDLE_IDENTIFIER = hyo.SunnyDay;
				PRODUCT_NAME = "$(TARGET_NAME)";
				SWIFT_EMIT_LOC_STRINGS = YES;
				SWIFT_VERSION = 5.0;
				TARGETED_DEVICE_FAMILY = "1,2";
			};
			name = Release;
		};
		F99BFBAB2DB0CCC800F9C72B /* Debug */ = {
			isa = XCBuildConfiguration;
			buildSettings = {
				BUNDLE_LOADER = "$(TEST_HOST)";
				CODE_SIGN_STYLE = Automatic;
				CURRENT_PROJECT_VERSION = 1;
				DEVELOPMENT_TEAM = 95FV8GCJUC;
				GENERATE_INFOPLIST_FILE = YES;
				IPHONEOS_DEPLOYMENT_TARGET = 18.2;
				MARKETING_VERSION = 1.0;
				PRODUCT_BUNDLE_IDENTIFIER = hyo.SunnyDayTests;
				PRODUCT_NAME = "$(TARGET_NAME)";
				SWIFT_EMIT_LOC_STRINGS = NO;
				SWIFT_VERSION = 5.0;
				TARGETED_DEVICE_FAMILY = "1,2";
				TEST_HOST = "$(BUILT_PRODUCTS_DIR)/SunnyDay.app/$(BUNDLE_EXECUTABLE_FOLDER_PATH)/SunnyDay";
			};
			name = Debug;
		};
		F99BFBAC2DB0CCC800F9C72B /* Release */ = {
			isa = XCBuildConfiguration;
			buildSettings = {
				BUNDLE_LOADER = "$(TEST_HOST)";
				CODE_SIGN_STYLE = Automatic;
				CURRENT_PROJECT_VERSION = 1;
				DEVELOPMENT_TEAM = 95FV8GCJUC;
				GENERATE_INFOPLIST_FILE = YES;
				IPHONEOS_DEPLOYMENT_TARGET = 18.2;
				MARKETING_VERSION = 1.0;
				PRODUCT_BUNDLE_IDENTIFIER = hyo.SunnyDayTests;
				PRODUCT_NAME = "$(TARGET_NAME)";
				SWIFT_EMIT_LOC_STRINGS = NO;
				SWIFT_VERSION = 5.0;
				TARGETED_DEVICE_FAMILY = "1,2";
				TEST_HOST = "$(BUILT_PRODUCTS_DIR)/SunnyDay.app/$(BUNDLE_EXECUTABLE_FOLDER_PATH)/SunnyDay";
			};
			name = Release;
		};
		F99BFBAE2DB0CCC800F9C72B /* Debug */ = {
			isa = XCBuildConfiguration;
			buildSettings = {
				CODE_SIGN_STYLE = Automatic;
				CURRENT_PROJECT_VERSION = 1;
				DEVELOPMENT_TEAM = 95FV8GCJUC;
				GENERATE_INFOPLIST_FILE = YES;
				MARKETING_VERSION = 1.0;
				PRODUCT_BUNDLE_IDENTIFIER = hyo.SunnyDayUITests;
				PRODUCT_NAME = "$(TARGET_NAME)";
				SWIFT_EMIT_LOC_STRINGS = NO;
				SWIFT_VERSION = 5.0;
				TARGETED_DEVICE_FAMILY = "1,2";
				TEST_TARGET_NAME = SunnyDay;
			};
			name = Debug;
		};
		F99BFBAF2DB0CCC800F9C72B /* Release */ = {
			isa = XCBuildConfiguration;
			buildSettings = {
				CODE_SIGN_STYLE = Automatic;
				CURRENT_PROJECT_VERSION = 1;
				DEVELOPMENT_TEAM = 95FV8GCJUC;
				GENERATE_INFOPLIST_FILE = YES;
				MARKETING_VERSION = 1.0;
				PRODUCT_BUNDLE_IDENTIFIER = hyo.SunnyDayUITests;
				PRODUCT_NAME = "$(TARGET_NAME)";
				SWIFT_EMIT_LOC_STRINGS = NO;
				SWIFT_VERSION = 5.0;
				TARGETED_DEVICE_FAMILY = "1,2";
				TEST_TARGET_NAME = SunnyDay;
			};
			name = Release;
		};
/* End XCBuildConfiguration section */

/* Begin XCConfigurationList section */
		F99BFB7E2DB0CCC700F9C72B /* Build configuration list for PBXProject "SunnyDay" */ = {
			isa = XCConfigurationList;
			buildConfigurations = (
				F99BFBA52DB0CCC800F9C72B /* Debug */,
				F99BFBA62DB0CCC800F9C72B /* Release */,
			);
			defaultConfigurationIsVisible = 0;
			defaultConfigurationName = Release;
		};
		F99BFBA72DB0CCC800F9C72B /* Build configuration list for PBXNativeTarget "SunnyDay" */ = {
			isa = XCConfigurationList;
			buildConfigurations = (
				F99BFBA82DB0CCC800F9C72B /* Debug */,
				F99BFBA92DB0CCC800F9C72B /* Release */,
			);
			defaultConfigurationIsVisible = 0;
			defaultConfigurationName = Release;
		};
		F99BFBAA2DB0CCC800F9C72B /* Build configuration list for PBXNativeTarget "SunnyDayTests" */ = {
			isa = XCConfigurationList;
			buildConfigurations = (
				F99BFBAB2DB0CCC800F9C72B /* Debug */,
				F99BFBAC2DB0CCC800F9C72B /* Release */,
			);
			defaultConfigurationIsVisible = 0;
			defaultConfigurationName = Release;
		};
		F99BFBAD2DB0CCC800F9C72B /* Build configuration list for PBXNativeTarget "SunnyDayUITests" */ = {
			isa = XCConfigurationList;
			buildConfigurations = (
				F99BFBAE2DB0CCC800F9C72B /* Debug */,
				F99BFBAF2DB0CCC800F9C72B /* Release */,
			);
			defaultConfigurationIsVisible = 0;
			defaultConfigurationName = Release;
		};
/* End XCConfigurationList section */
	};
	rootObject = F99BFB7B2DB0CCC700F9C72B /* Project object */;
}
