// !$*UTF8*$!
{
	archiveVersion = 1;
	classes = {
	};
	objectVersion = 77;
	objects = {

/* Begin PBXContainerItemProxy section */
		F9AEF7F22DBA290D00D71EA3 /* PBXContainerItemProxy */ = {
			isa = PBXContainerItemProxy;
			containerPortal = F9AEF7D92DBA290B00D71EA3 /* Project object */;
			proxyType = 1;
			remoteGlobalIDString = F9AEF7E02DBA290B00D71EA3;
			remoteInfo = LoginForm;
		};
		F9AEF7FC2DBA290D00D71EA3 /* PBXContainerItemProxy */ = {
			isa = PBXContainerItemProxy;
			containerPortal = F9AEF7D92DBA290B00D71EA3 /* Project object */;
			proxyType = 1;
			remoteGlobalIDString = F9AEF7E02DBA290B00D71EA3;
			remoteInfo = LoginForm;
		};
/* End PBXContainerItemProxy section */

/* Begin PBXFileReference section */
		F9AEF7E12DBA290B00D71EA3 /* LoginForm.app */ = {isa = PBXFileReference; explicitFileType = wrapper.application; includeInIndex = 0; path = LoginForm.app; sourceTree = BUILT_PRODUCTS_DIR; };
		F9AEF7F12DBA290D00D71EA3 /* LoginFormTests.xctest */ = {isa = PBXFileReference; explicitFileType = wrapper.cfbundle; includeInIndex = 0; path = LoginFormTests.xctest; sourceTree = BUILT_PRODUCTS_DIR; };
		F9AEF7FB2DBA290D00D71EA3 /* LoginFormUITests.xctest */ = {isa = PBXFileReference; explicitFileType = wrapper.cfbundle; includeInIndex = 0; path = LoginFormUITests.xctest; sourceTree = BUILT_PRODUCTS_DIR; };
/* End PBXFileReference section */

/* Begin PBXFileSystemSynchronizedRootGroup section */
		F9AEF7E32DBA290B00D71EA3 /* LoginForm */ = {
			isa = PBXFileSystemSynchronizedRootGroup;
			path = LoginForm;
			sourceTree = "<group>";
		};
		F9AEF7F42DBA290D00D71EA3 /* LoginFormTests */ = {
			isa = PBXFileSystemSynchronizedRootGroup;
			path = LoginFormTests;
			sourceTree = "<group>";
		};
		F9AEF7FE2DBA290D00D71EA3 /* LoginFormUITests */ = {
			isa = PBXFileSystemSynchronizedRootGroup;
			path = LoginFormUITests;
			sourceTree = "<group>";
		};
/* End PBXFileSystemSynchronizedRootGroup section */

/* Begin PBXFrameworksBuildPhase section */
		F9AEF7DE2DBA290B00D71EA3 /* Frameworks */ = {
			isa = PBXFrameworksBuildPhase;
			buildActionMask = 2147483647;
			files = (
			);
			runOnlyForDeploymentPostprocessing = 0;
		};
		F9AEF7EE2DBA290D00D71EA3 /* Frameworks */ = {
			isa = PBXFrameworksBuildPhase;
			buildActionMask = 2147483647;
			files = (
			);
			runOnlyForDeploymentPostprocessing = 0;
		};
		F9AEF7F82DBA290D00D71EA3 /* Frameworks */ = {
			isa = PBXFrameworksBuildPhase;
			buildActionMask = 2147483647;
			files = (
			);
			runOnlyForDeploymentPostprocessing = 0;
		};
/* End PBXFrameworksBuildPhase section */

/* Begin PBXGroup section */
		F9AEF7D82DBA290B00D71EA3 = {
			isa = PBXGroup;
			children = (
				F9AEF7E32DBA290B00D71EA3 /* LoginForm */,
				F9AEF7F42DBA290D00D71EA3 /* LoginFormTests */,
				F9AEF7FE2DBA290D00D71EA3 /* LoginFormUITests */,
				F9AEF7E22DBA290B00D71EA3 /* Products */,
			);
			sourceTree = "<group>";
		};
		F9AEF7E22DBA290B00D71EA3 /* Products */ = {
			isa = PBXGroup;
			children = (
				F9AEF7E12DBA290B00D71EA3 /* LoginForm.app */,
				F9AEF7F12DBA290D00D71EA3 /* LoginFormTests.xctest */,
				F9AEF7FB2DBA290D00D71EA3 /* LoginFormUITests.xctest */,
			);
			name = Products;
			sourceTree = "<group>";
		};
/* End PBXGroup section */

/* Begin PBXNativeTarget section */
		F9AEF7E02DBA290B00D71EA3 /* LoginForm */ = {
			isa = PBXNativeTarget;
			buildConfigurationList = F9AEF8052DBA290D00D71EA3 /* Build configuration list for PBXNativeTarget "LoginForm" */;
			buildPhases = (
				F9AEF7DD2DBA290B00D71EA3 /* Sources */,
				F9AEF7DE2DBA290B00D71EA3 /* Frameworks */,
				F9AEF7DF2DBA290B00D71EA3 /* Resources */,
			);
			buildRules = (
			);
			dependencies = (
			);
			fileSystemSynchronizedGroups = (
				F9AEF7E32DBA290B00D71EA3 /* LoginForm */,
			);
			name = LoginForm;
			packageProductDependencies = (
			);
			productName = LoginForm;
			productReference = F9AEF7E12DBA290B00D71EA3 /* LoginForm.app */;
			productType = "com.apple.product-type.application";
		};
		F9AEF7F02DBA290D00D71EA3 /* LoginFormTests */ = {
			isa = PBXNativeTarget;
			buildConfigurationList = F9AEF8082DBA290D00D71EA3 /* Build configuration list for PBXNativeTarget "LoginFormTests" */;
			buildPhases = (
				F9AEF7ED2DBA290D00D71EA3 /* Sources */,
				F9AEF7EE2DBA290D00D71EA3 /* Frameworks */,
				F9AEF7EF2DBA290D00D71EA3 /* Resources */,
			);
			buildRules = (
			);
			dependencies = (
				F9AEF7F32DBA290D00D71EA3 /* PBXTargetDependency */,
			);
			fileSystemSynchronizedGroups = (
				F9AEF7F42DBA290D00D71EA3 /* LoginFormTests */,
			);
			name = LoginFormTests;
			packageProductDependencies = (
			);
			productName = LoginFormTests;
			productReference = F9AEF7F12DBA290D00D71EA3 /* LoginFormTests.xctest */;
			productType = "com.apple.product-type.bundle.unit-test";
		};
		F9AEF7FA2DBA290D00D71EA3 /* LoginFormUITests */ = {
			isa = PBXNativeTarget;
			buildConfigurationList = F9AEF80B2DBA290D00D71EA3 /* Build configuration list for PBXNativeTarget "LoginFormUITests" */;
			buildPhases = (
				F9AEF7F72DBA290D00D71EA3 /* Sources */,
				F9AEF7F82DBA290D00D71EA3 /* Frameworks */,
				F9AEF7F92DBA290D00D71EA3 /* Resources */,
			);
			buildRules = (
			);
			dependencies = (
				F9AEF7FD2DBA290D00D71EA3 /* PBXTargetDependency */,
			);
			fileSystemSynchronizedGroups = (
				F9AEF7FE2DBA290D00D71EA3 /* LoginFormUITests */,
			);
			name = LoginFormUITests;
			packageProductDependencies = (
			);
			productName = LoginFormUITests;
			productReference = F9AEF7FB2DBA290D00D71EA3 /* LoginFormUITests.xctest */;
			productType = "com.apple.product-type.bundle.ui-testing";
		};
/* End PBXNativeTarget section */

/* Begin PBXProject section */
		F9AEF7D92DBA290B00D71EA3 /* Project object */ = {
			isa = PBXProject;
			attributes = {
				BuildIndependentTargetsInParallel = 1;
				LastSwiftUpdateCheck = 1620;
				LastUpgradeCheck = 1620;
				TargetAttributes = {
					F9AEF7E02DBA290B00D71EA3 = {
						CreatedOnToolsVersion = 16.2;
					};
					F9AEF7F02DBA290D00D71EA3 = {
						CreatedOnToolsVersion = 16.2;
						TestTargetID = F9AEF7E02DBA290B00D71EA3;
					};
					F9AEF7FA2DBA290D00D71EA3 = {
						CreatedOnToolsVersion = 16.2;
						TestTargetID = F9AEF7E02DBA290B00D71EA3;
					};
				};
			};
			buildConfigurationList = F9AEF7DC2DBA290B00D71EA3 /* Build configuration list for PBXProject "LoginForm" */;
			developmentRegion = en;
			hasScannedForEncodings = 0;
			knownRegions = (
				en,
				Base,
			);
			mainGroup = F9AEF7D82DBA290B00D71EA3;
			minimizedProjectReferenceProxies = 1;
			preferredProjectObjectVersion = 77;
			productRefGroup = F9AEF7E22DBA290B00D71EA3 /* Products */;
			projectDirPath = "";
			projectRoot = "";
			targets = (
				F9AEF7E02DBA290B00D71EA3 /* LoginForm */,
				F9AEF7F02DBA290D00D71EA3 /* LoginFormTests */,
				F9AEF7FA2DBA290D00D71EA3 /* LoginFormUITests */,
			);
		};
/* End PBXProject section */

/* Begin PBXResourcesBuildPhase section */
		F9AEF7DF2DBA290B00D71EA3 /* Resources */ = {
			isa = PBXResourcesBuildPhase;
			buildActionMask = 2147483647;
			files = (
			);
			runOnlyForDeploymentPostprocessing = 0;
		};
		F9AEF7EF2DBA290D00D71EA3 /* Resources */ = {
			isa = PBXResourcesBuildPhase;
			buildActionMask = 2147483647;
			files = (
			);
			runOnlyForDeploymentPostprocessing = 0;
		};
		F9AEF7F92DBA290D00D71EA3 /* Resources */ = {
			isa = PBXResourcesBuildPhase;
			buildActionMask = 2147483647;
			files = (
			);
			runOnlyForDeploymentPostprocessing = 0;
		};
/* End PBXResourcesBuildPhase section */

/* Begin PBXSourcesBuildPhase section */
		F9AEF7DD2DBA290B00D71EA3 /* Sources */ = {
			isa = PBXSourcesBuildPhase;
			buildActionMask = 2147483647;
			files = (
			);
			runOnlyForDeploymentPostprocessing = 0;
		};
		F9AEF7ED2DBA290D00D71EA3 /* Sources */ = {
			isa = PBXSourcesBuildPhase;
			buildActionMask = 2147483647;
			files = (
			);
			runOnlyForDeploymentPostprocessing = 0;
		};
		F9AEF7F72DBA290D00D71EA3 /* Sources */ = {
			isa = PBXSourcesBuildPhase;
			buildActionMask = 2147483647;
			files = (
			);
			runOnlyForDeploymentPostprocessing = 0;
		};
/* End PBXSourcesBuildPhase section */

/* Begin PBXTargetDependency section */
		F9AEF7F32DBA290D00D71EA3 /* PBXTargetDependency */ = {
			isa = PBXTargetDependency;
			target = F9AEF7E02DBA290B00D71EA3 /* LoginForm */;
			targetProxy = F9AEF7F22DBA290D00D71EA3 /* PBXContainerItemProxy */;
		};
		F9AEF7FD2DBA290D00D71EA3 /* PBXTargetDependency */ = {
			isa = PBXTargetDependency;
			target = F9AEF7E02DBA290B00D71EA3 /* LoginForm */;
			targetProxy = F9AEF7FC2DBA290D00D71EA3 /* PBXContainerItemProxy */;
		};
/* End PBXTargetDependency section */

/* Begin XCBuildConfiguration section */
		F9AEF8032DBA290D00D71EA3 /* Debug */ = {
			isa = XCBuildConfiguration;
			buildSettings = {
				ALWAYS_SEARCH_USER_PATHS = NO;
				ASSETCATALOG_COMPILER_GENERATE_SWIFT_ASSET_SYMBOL_EXTENSIONS = YES;
				CLANG_ANALYZER_NONNULL = YES;
				CLANG_ANALYZER_NUMBER_OBJECT_CONVERSION = YES_AGGRESSIVE;
				CLANG_CXX_LANGUAGE_STANDARD = "gnu++20";
				CLANG_ENABLE_MODULES = YES;
				CLANG_ENABLE_OBJC_ARC = YES;
				CLANG_ENABLE_OBJC_WEAK = YES;
				CLANG_WARN_BLOCK_CAPTURE_AUTORELEASING = YES;
				CLANG_WARN_BOOL_CONVERSION = YES;
				CLANG_WARN_COMMA = YES;
				CLANG_WARN_CONSTANT_CONVERSION = YES;
				CLANG_WARN_DEPRECATED_OBJC_IMPLEMENTATIONS = YES;
				CLANG_WARN_DIRECT_OBJC_ISA_USAGE = YES_ERROR;
				CLANG_WARN_DOCUMENTATION_COMMENTS = YES;
				CLANG_WARN_EMPTY_BODY = YES;
				CLANG_WARN_ENUM_CONVERSION = YES;
				CLANG_WARN_INFINITE_RECURSION = YES;
				CLANG_WARN_INT_CONVERSION = YES;
				CLANG_WARN_NON_LITERAL_NULL_CONVERSION = YES;
				CLANG_WARN_OBJC_IMPLICIT_RETAIN_SELF = YES;
				CLANG_WARN_OBJC_LITERAL_CONVERSION = YES;
				CLANG_WARN_OBJC_ROOT_CLASS = YES_ERROR;
				CLANG_WARN_QUOTED_INCLUDE_IN_FRAMEWORK_HEADER = YES;
				CLANG_WARN_RANGE_LOOP_ANALYSIS = YES;
				CLANG_WARN_STRICT_PROTOTYPES = YES;
				CLANG_WARN_SUSPICIOUS_MOVE = YES;
				CLANG_WARN_UNGUARDED_AVAILABILITY = YES_AGGRESSIVE;
				CLANG_WARN_UNREACHABLE_CODE = YES;
				CLANG_WARN__DUPLICATE_METHOD_MATCH = YES;
				COPY_PHASE_STRIP = NO;
				DEBUG_INFORMATION_FORMAT = dwarf;
				ENABLE_STRICT_OBJC_MSGSEND = YES;
				ENABLE_TESTABILITY = YES;
				ENABLE_USER_SCRIPT_SANDBOXING = YES;
				GCC_C_LANGUAGE_STANDARD = gnu17;
				GCC_DYNAMIC_NO_PIC = NO;
				GCC_NO_COMMON_BLOCKS = YES;
				GCC_OPTIMIZATION_LEVEL = 0;
				GCC_PREPROCESSOR_DEFINITIONS = (
					"DEBUG=1",
					"$(inherited)",
				);
				GCC_WARN_64_TO_32_BIT_CONVERSION = YES;
				GCC_WARN_ABOUT_RETURN_TYPE = YES_ERROR;
				GCC_WARN_UNDECLARED_SELECTOR = YES;
				GCC_WARN_UNINITIALIZED_AUTOS = YES_AGGRESSIVE;
				GCC_WARN_UNUSED_FUNCTION = YES;
				GCC_WARN_UNUSED_VARIABLE = YES;
				IPHONEOS_DEPLOYMENT_TARGET = 18.2;
				LOCALIZATION_PREFERS_STRING_CATALOGS = YES;
				MTL_ENABLE_DEBUG_INFO = INCLUDE_SOURCE;
				MTL_FAST_MATH = YES;
				ONLY_ACTIVE_ARCH = YES;
				SDKROOT = iphoneos;
				SWIFT_ACTIVE_COMPILATION_CONDITIONS = "DEBUG $(inherited)";
				SWIFT_OPTIMIZATION_LEVEL = "-Onone";
			};
			name = Debug;
		};
		F9AEF8042DBA290D00D71EA3 /* Release */ = {
			isa = XCBuildConfiguration;
			buildSettings = {
				ALWAYS_SEARCH_USER_PATHS = NO;
				ASSETCATALOG_COMPILER_GENERATE_SWIFT_ASSET_SYMBOL_EXTENSIONS = YES;
				CLANG_ANALYZER_NONNULL = YES;
				CLANG_ANALYZER_NUMBER_OBJECT_CONVERSION = YES_AGGRESSIVE;
				CLANG_CXX_LANGUAGE_STANDARD = "gnu++20";
				CLANG_ENABLE_MODULES = YES;
				CLANG_ENABLE_OBJC_ARC = YES;
				CLANG_ENABLE_OBJC_WEAK = YES;
				CLANG_WARN_BLOCK_CAPTURE_AUTORELEASING = YES;
				CLANG_WARN_BOOL_CONVERSION = YES;
				CLANG_WARN_COMMA = YES;
				CLANG_WARN_CONSTANT_CONVERSION = YES;
				CLANG_WARN_DEPRECATED_OBJC_IMPLEMENTATIONS = YES;
				CLANG_WARN_DIRECT_OBJC_ISA_USAGE = YES_ERROR;
				CLANG_WARN_DOCUMENTATION_COMMENTS = YES;
				CLANG_WARN_EMPTY_BODY = YES;
				CLANG_WARN_ENUM_CONVERSION = YES;
				CLANG_WARN_INFINITE_RECURSION = YES;
				CLANG_WARN_INT_CONVERSION = YES;
				CLANG_WARN_NON_LITERAL_NULL_CONVERSION = YES;
				CLANG_WARN_OBJC_IMPLICIT_RETAIN_SELF = YES;
				CLANG_WARN_OBJC_LITERAL_CONVERSION = YES;
				CLANG_WARN_OBJC_ROOT_CLASS = YES_ERROR;
				CLANG_WARN_QUOTED_INCLUDE_IN_FRAMEWORK_HEADER = YES;
				CLANG_WARN_RANGE_LOOP_ANALYSIS = YES;
				CLANG_WARN_STRICT_PROTOTYPES = YES;
				CLANG_WARN_SUSPICIOUS_MOVE = YES;
				CLANG_WARN_UNGUARDED_AVAILABILITY = YES_AGGRESSIVE;
				CLANG_WARN_UNREACHABLE_CODE = YES;
				CLANG_WARN__DUPLICATE_METHOD_MATCH = YES;
				COPY_PHASE_STRIP = NO;
				DEBUG_INFORMATION_FORMAT = "dwarf-with-dsym";
				ENABLE_NS_ASSERTIONS = NO;
				ENABLE_STRICT_OBJC_MSGSEND = YES;
				ENABLE_USER_SCRIPT_SANDBOXING = YES;
				GCC_C_LANGUAGE_STANDARD = gnu17;
				GCC_NO_COMMON_BLOCKS = YES;
				GCC_WARN_64_TO_32_BIT_CONVERSION = YES;
				GCC_WARN_ABOUT_RETURN_TYPE = YES_ERROR;
				GCC_WARN_UNDECLARED_SELECTOR = YES;
				GCC_WARN_UNINITIALIZED_AUTOS = YES_AGGRESSIVE;
				GCC_WARN_UNUSED_FUNCTION = YES;
				GCC_WARN_UNUSED_VARIABLE = YES;
				IPHONEOS_DEPLOYMENT_TARGET = 18.2;
				LOCALIZATION_PREFERS_STRING_CATALOGS = YES;
				MTL_ENABLE_DEBUG_INFO = NO;
				MTL_FAST_MATH = YES;
				SDKROOT = iphoneos;
				SWIFT_COMPILATION_MODE = wholemodule;
				VALIDATE_PRODUCT = YES;
			};
			name = Release;
		};
		F9AEF8062DBA290D00D71EA3 /* Debug */ = {
			isa = XCBuildConfiguration;
			buildSettings = {
				ASSETCATALOG_COMPILER_APPICON_NAME = AppIcon;
				ASSETCATALOG_COMPILER_GLOBAL_ACCENT_COLOR_NAME = AccentColor;
				CODE_SIGN_STYLE = Automatic;
				CURRENT_PROJECT_VERSION = 1;
				DEVELOPMENT_ASSET_PATHS = "\"LoginForm/Preview Content\"";
				DEVELOPMENT_TEAM = 95FV8GCJUC;
				ENABLE_PREVIEWS = YES;
				GENERATE_INFOPLIST_FILE = YES;
				INFOPLIST_KEY_UIApplicationSceneManifest_Generation = YES;
				INFOPLIST_KEY_UIApplicationSupportsIndirectInputEvents = YES;
				INFOPLIST_KEY_UILaunchScreen_Generation = YES;
				INFOPLIST_KEY_UISupportedInterfaceOrientations_iPad = "UIInterfaceOrientationPortrait UIInterfaceOrientationPortraitUpsideDown UIInterfaceOrientationLandscapeLeft UIInterfaceOrientationLandscapeRight";
				INFOPLIST_KEY_UISupportedInterfaceOrientations_iPhone = "UIInterfaceOrientationPortrait UIInterfaceOrientationLandscapeLeft UIInterfaceOrientationLandscapeRight";
				LD_RUNPATH_SEARCH_PATHS = (
					"$(inherited)",
					"@executable_path/Frameworks",
				);
				MARKETING_VERSION = 1.0;
				PRODUCT_BUNDLE_IDENTIFIER = hyo.LoginForm;
				PRODUCT_NAME = "$(TARGET_NAME)";
				SWIFT_EMIT_LOC_STRINGS = YES;
				SWIFT_VERSION = 5.0;
				TARGETED_DEVICE_FAMILY = "1,2";
			};
			name = Debug;
		};
		F9AEF8072DBA290D00D71EA3 /* Release */ = {
			isa = XCBuildConfiguration;
			buildSettings = {
				ASSETCATALOG_COMPILER_APPICON_NAME = AppIcon;
				ASSETCATALOG_COMPILER_GLOBAL_ACCENT_COLOR_NAME = AccentColor;
				CODE_SIGN_STYLE = Automatic;
				CURRENT_PROJECT_VERSION = 1;
				DEVELOPMENT_ASSET_PATHS = "\"LoginForm/Preview Content\"";
				DEVELOPMENT_TEAM = 95FV8GCJUC;
				ENABLE_PREVIEWS = YES;
				GENERATE_INFOPLIST_FILE = YES;
				INFOPLIST_KEY_UIApplicationSceneManifest_Generation = YES;
				INFOPLIST_KEY_UIApplicationSupportsIndirectInputEvents = YES;
				INFOPLIST_KEY_UILaunchScreen_Generation = YES;
				INFOPLIST_KEY_UISupportedInterfaceOrientations_iPad = "UIInterfaceOrientationPortrait UIInterfaceOrientationPortraitUpsideDown UIInterfaceOrientationLandscapeLeft UIInterfaceOrientationLandscapeRight";
				INFOPLIST_KEY_UISupportedInterfaceOrientations_iPhone = "UIInterfaceOrientationPortrait UIInterfaceOrientationLandscapeLeft UIInterfaceOrientationLandscapeRight";
				LD_RUNPATH_SEARCH_PATHS = (
					"$(inherited)",
					"@executable_path/Frameworks",
				);
				MARKETING_VERSION = 1.0;
				PRODUCT_BUNDLE_IDENTIFIER = hyo.LoginForm;
				PRODUCT_NAME = "$(TARGET_NAME)";
				SWIFT_EMIT_LOC_STRINGS = YES;
				SWIFT_VERSION = 5.0;
				TARGETED_DEVICE_FAMILY = "1,2";
			};
			name = Release;
		};
		F9AEF8092DBA290D00D71EA3 /* Debug */ = {
			isa = XCBuildConfiguration;
			buildSettings = {
				BUNDLE_LOADER = "$(TEST_HOST)";
				CODE_SIGN_STYLE = Automatic;
				CURRENT_PROJECT_VERSION = 1;
				DEVELOPMENT_TEAM = 95FV8GCJUC;
				GENERATE_INFOPLIST_FILE = YES;
				IPHONEOS_DEPLOYMENT_TARGET = 18.2;
				MARKETING_VERSION = 1.0;
				PRODUCT_BUNDLE_IDENTIFIER = hyo.LoginFormTests;
				PRODUCT_NAME = "$(TARGET_NAME)";
				SWIFT_EMIT_LOC_STRINGS = NO;
				SWIFT_VERSION = 5.0;
				TARGETED_DEVICE_FAMILY = "1,2";
				TEST_HOST = "$(BUILT_PRODUCTS_DIR)/LoginForm.app/$(BUNDLE_EXECUTABLE_FOLDER_PATH)/LoginForm";
			};
			name = Debug;
		};
		F9AEF80A2DBA290D00D71EA3 /* Release */ = {
			isa = XCBuildConfiguration;
			buildSettings = {
				BUNDLE_LOADER = "$(TEST_HOST)";
				CODE_SIGN_STYLE = Automatic;
				CURRENT_PROJECT_VERSION = 1;
				DEVELOPMENT_TEAM = 95FV8GCJUC;
				GENERATE_INFOPLIST_FILE = YES;
				IPHONEOS_DEPLOYMENT_TARGET = 18.2;
				MARKETING_VERSION = 1.0;
				PRODUCT_BUNDLE_IDENTIFIER = hyo.LoginFormTests;
				PRODUCT_NAME = "$(TARGET_NAME)";
				SWIFT_EMIT_LOC_STRINGS = NO;
				SWIFT_VERSION = 5.0;
				TARGETED_DEVICE_FAMILY = "1,2";
				TEST_HOST = "$(BUILT_PRODUCTS_DIR)/LoginForm.app/$(BUNDLE_EXECUTABLE_FOLDER_PATH)/LoginForm";
			};
			name = Release;
		};
		F9AEF80C2DBA290D00D71EA3 /* Debug */ = {
			isa = XCBuildConfiguration;
			buildSettings = {
				CODE_SIGN_STYLE = Automatic;
				CURRENT_PROJECT_VERSION = 1;
				DEVELOPMENT_TEAM = 95FV8GCJUC;
				GENERATE_INFOPLIST_FILE = YES;
				MARKETING_VERSION = 1.0;
				PRODUCT_BUNDLE_IDENTIFIER = hyo.LoginFormUITests;
				PRODUCT_NAME = "$(TARGET_NAME)";
				SWIFT_EMIT_LOC_STRINGS = NO;
				SWIFT_VERSION = 5.0;
				TARGETED_DEVICE_FAMILY = "1,2";
				TEST_TARGET_NAME = LoginForm;
			};
			name = Debug;
		};
		F9AEF80D2DBA290D00D71EA3 /* Release */ = {
			isa = XCBuildConfiguration;
			buildSettings = {
				CODE_SIGN_STYLE = Automatic;
				CURRENT_PROJECT_VERSION = 1;
				DEVELOPMENT_TEAM = 95FV8GCJUC;
				GENERATE_INFOPLIST_FILE = YES;
				MARKETING_VERSION = 1.0;
				PRODUCT_BUNDLE_IDENTIFIER = hyo.LoginFormUITests;
				PRODUCT_NAME = "$(TARGET_NAME)";
				SWIFT_EMIT_LOC_STRINGS = NO;
				SWIFT_VERSION = 5.0;
				TARGETED_DEVICE_FAMILY = "1,2";
				TEST_TARGET_NAME = LoginForm;
			};
			name = Release;
		};
/* End XCBuildConfiguration section */

/* Begin XCConfigurationList section */
		F9AEF7DC2DBA290B00D71EA3 /* Build configuration list for PBXProject "LoginForm" */ = {
			isa = XCConfigurationList;
			buildConfigurations = (
				F9AEF8032DBA290D00D71EA3 /* Debug */,
				F9AEF8042DBA290D00D71EA3 /* Release */,
			);
			defaultConfigurationIsVisible = 0;
			defaultConfigurationName = Release;
		};
		F9AEF8052DBA290D00D71EA3 /* Build configuration list for PBXNativeTarget "LoginForm" */ = {
			isa = XCConfigurationList;
			buildConfigurations = (
				F9AEF8062DBA290D00D71EA3 /* Debug */,
				F9AEF8072DBA290D00D71EA3 /* Release */,
			);
			defaultConfigurationIsVisible = 0;
			defaultConfigurationName = Release;
		};
		F9AEF8082DBA290D00D71EA3 /* Build configuration list for PBXNativeTarget "LoginFormTests" */ = {
			isa = XCConfigurationList;
			buildConfigurations = (
				F9AEF8092DBA290D00D71EA3 /* Debug */,
				F9AEF80A2DBA290D00D71EA3 /* Release */,
			);
			defaultConfigurationIsVisible = 0;
			defaultConfigurationName = Release;
		};
		F9AEF80B2DBA290D00D71EA3 /* Build configuration list for PBXNativeTarget "LoginFormUITests" */ = {
			isa = XCConfigurationList;
			buildConfigurations = (
				F9AEF80C2DBA290D00D71EA3 /* Debug */,
				F9AEF80D2DBA290D00D71EA3 /* Release */,
			);
			defaultConfigurationIsVisible = 0;
			defaultConfigurationName = Release;
		};
/* End XCConfigurationList section */
	};
	rootObject = F9AEF7D92DBA290B00D71EA3 /* Project object */;
}
