// !$*UTF8*$!
{
	archiveVersion = 1;
	classes = {
	};
	objectVersion = 77;
	objects = {

/* Begin PBXContainerItemProxy section */
		F99BFA182DAF50AF00F9C72B /* PBXContainerItemProxy */ = {
			isa = PBXContainerItemProxy;
			containerPortal = F99BF9F92DAF50A100F9C72B /* Project object */;
			proxyType = 1;
			remoteGlobalIDString = F99BFA002DAF50A100F9C72B;
			remoteInfo = sdada;
		};
		F99BFA222DAF50AF00F9C72B /* PBXContainerItemProxy */ = {
			isa = PBXContainerItemProxy;
			containerPortal = F99BF9F92DAF50A100F9C72B /* Project object */;
			proxyType = 1;
			remoteGlobalIDString = F99BFA002DAF50A100F9C72B;
			remoteInfo = sdada;
		};
/* End PBXContainerItemProxy section */

/* Begin PBXFileReference section */
		F99BFA012DAF50A100F9C72B /* sdada.app */ = {isa = PBXFileReference; explicitFileType = wrapper.application; includeInIndex = 0; path = sdada.app; sourceTree = BUILT_PRODUCTS_DIR; };
		F99BFA172DAF50AF00F9C72B /* sdadaTests.xctest */ = {isa = PBXFileReference; explicitFileType = wrapper.cfbundle; includeInIndex = 0; path = sdadaTests.xctest; sourceTree = BUILT_PRODUCTS_DIR; };
		F99BFA212DAF50AF00F9C72B /* sdadaUITests.xctest */ = {isa = PBXFileReference; explicitFileType = wrapper.cfbundle; includeInIndex = 0; path = sdadaUITests.xctest; sourceTree = BUILT_PRODUCTS_DIR; };
/* End PBXFileReference section */

/* Begin PBXFileSystemSynchronizedBuildFileExceptionSet section */
		F99BFA292DAF50AF00F9C72B /* Exceptions for "sdada" folder in "sdada" target */ = {
			isa = PBXFileSystemSynchronizedBuildFileExceptionSet;
			membershipExceptions = (
				Info.plist,
			);
			target = F99BFA002DAF50A100F9C72B /* sdada */;
		};
/* End PBXFileSystemSynchronizedBuildFileExceptionSet section */

/* Begin PBXFileSystemSynchronizedRootGroup section */
		F99BFA032DAF50A100F9C72B /* sdada */ = {
			isa = PBXFileSystemSynchronizedRootGroup;
			exceptions = (
				F99BFA292DAF50AF00F9C72B /* Exceptions for "sdada" folder in "sdada" target */,
			);
			path = sdada;
			sourceTree = "<group>";
		};
		F99BFA1A2DAF50AF00F9C72B /* sdadaTests */ = {
			isa = PBXFileSystemSynchronizedRootGroup;
			path = sdadaTests;
			sourceTree = "<group>";
		};
		F99BFA242DAF50AF00F9C72B /* sdadaUITests */ = {
			isa = PBXFileSystemSynchronizedRootGroup;
			path = sdadaUITests;
			sourceTree = "<group>";
		};
/* End PBXFileSystemSynchronizedRootGroup section */

/* Begin PBXFrameworksBuildPhase section */
		F99BF9FE2DAF50A100F9C72B /* Frameworks */ = {
			isa = PBXFrameworksBuildPhase;
			buildActionMask = 2147483647;
			files = (
			);
			runOnlyForDeploymentPostprocessing = 0;
		};
		F99BFA142DAF50AF00F9C72B /* Frameworks */ = {
			isa = PBXFrameworksBuildPhase;
			buildActionMask = 2147483647;
			files = (
			);
			runOnlyForDeploymentPostprocessing = 0;
		};
		F99BFA1E2DAF50AF00F9C72B /* Frameworks */ = {
			isa = PBXFrameworksBuildPhase;
			buildActionMask = 2147483647;
			files = (
			);
			runOnlyForDeploymentPostprocessing = 0;
		};
/* End PBXFrameworksBuildPhase section */

/* Begin PBXGroup section */
		F99BF9F82DAF50A100F9C72B = {
			isa = PBXGroup;
			children = (
				F99BFA032DAF50A100F9C72B /* sdada */,
				F99BFA1A2DAF50AF00F9C72B /* sdadaTests */,
				F99BFA242DAF50AF00F9C72B /* sdadaUITests */,
				F99BFA022DAF50A100F9C72B /* Products */,
			);
			sourceTree = "<group>";
		};
		F99BFA022DAF50A100F9C72B /* Products */ = {
			isa = PBXGroup;
			children = (
				F99BFA012DAF50A100F9C72B /* sdada.app */,
				F99BFA172DAF50AF00F9C72B /* sdadaTests.xctest */,
				F99BFA212DAF50AF00F9C72B /* sdadaUITests.xctest */,
			);
			name = Products;
			sourceTree = "<group>";
		};
/* End PBXGroup section */

/* Begin PBXNativeTarget section */
		F99BFA002DAF50A100F9C72B /* sdada */ = {
			isa = PBXNativeTarget;
			buildConfigurationList = F99BFA2A2DAF50AF00F9C72B /* Build configuration list for PBXNativeTarget "sdada" */;
			buildPhases = (
				F99BF9FD2DAF50A100F9C72B /* Sources */,
				F99BF9FE2DAF50A100F9C72B /* Frameworks */,
				F99BF9FF2DAF50A100F9C72B /* Resources */,
			);
			buildRules = (
			);
			dependencies = (
			);
			fileSystemSynchronizedGroups = (
				F99BFA032DAF50A100F9C72B /* sdada */,
			);
			name = sdada;
			packageProductDependencies = (
			);
			productName = sdada;
			productReference = F99BFA012DAF50A100F9C72B /* sdada.app */;
			productType = "com.apple.product-type.application";
		};
		F99BFA162DAF50AF00F9C72B /* sdadaTests */ = {
			isa = PBXNativeTarget;
			buildConfigurationList = F99BFA2F2DAF50AF00F9C72B /* Build configuration list for PBXNativeTarget "sdadaTests" */;
			buildPhases = (
				F99BFA132DAF50AF00F9C72B /* Sources */,
				F99BFA142DAF50AF00F9C72B /* Frameworks */,
				F99BFA152DAF50AF00F9C72B /* Resources */,
			);
			buildRules = (
			);
			dependencies = (
				F99BFA192DAF50AF00F9C72B /* PBXTargetDependency */,
			);
			fileSystemSynchronizedGroups = (
				F99BFA1A2DAF50AF00F9C72B /* sdadaTests */,
			);
			name = sdadaTests;
			packageProductDependencies = (
			);
			productName = sdadaTests;
			productReference = F99BFA172DAF50AF00F9C72B /* sdadaTests.xctest */;
			productType = "com.apple.product-type.bundle.unit-test";
		};
		F99BFA202DAF50AF00F9C72B /* sdadaUITests */ = {
			isa = PBXNativeTarget;
			buildConfigurationList = F99BFA322DAF50AF00F9C72B /* Build configuration list for PBXNativeTarget "sdadaUITests" */;
			buildPhases = (
				F99BFA1D2DAF50AF00F9C72B /* Sources */,
				F99BFA1E2DAF50AF00F9C72B /* Frameworks */,
				F99BFA1F2DAF50AF00F9C72B /* Resources */,
			);
			buildRules = (
			);
			dependencies = (
				F99BFA232DAF50AF00F9C72B /* PBXTargetDependency */,
			);
			fileSystemSynchronizedGroups = (
				F99BFA242DAF50AF00F9C72B /* sdadaUITests */,
			);
			name = sdadaUITests;
			packageProductDependencies = (
			);
			productName = sdadaUITests;
			productReference = F99BFA212DAF50AF00F9C72B /* sdadaUITests.xctest */;
			productType = "com.apple.product-type.bundle.ui-testing";
		};
/* End PBXNativeTarget section */

/* Begin PBXProject section */
		F99BF9F92DAF50A100F9C72B /* Project object */ = {
			isa = PBXProject;
			attributes = {
				BuildIndependentTargetsInParallel = 1;
				LastSwiftUpdateCheck = 1620;
				LastUpgradeCheck = 1620;
				TargetAttributes = {
					F99BFA002DAF50A100F9C72B = {
						CreatedOnToolsVersion = 16.2;
					};
					F99BFA162DAF50AF00F9C72B = {
						CreatedOnToolsVersion = 16.2;
						TestTargetID = F99BFA002DAF50A100F9C72B;
					};
					F99BFA202DAF50AF00F9C72B = {
						CreatedOnToolsVersion = 16.2;
						TestTargetID = F99BFA002DAF50A100F9C72B;
					};
				};
			};
			buildConfigurationList = F99BF9FC2DAF50A100F9C72B /* Build configuration list for PBXProject "sdada" */;
			developmentRegion = en;
			hasScannedForEncodings = 0;
			knownRegions = (
				en,
				Base,
			);
			mainGroup = F99BF9F82DAF50A100F9C72B;
			minimizedProjectReferenceProxies = 1;
			preferredProjectObjectVersion = 77;
			productRefGroup = F99BFA022DAF50A100F9C72B /* Products */;
			projectDirPath = "";
			projectRoot = "";
			targets = (
				F99BFA002DAF50A100F9C72B /* sdada */,
				F99BFA162DAF50AF00F9C72B /* sdadaTests */,
				F99BFA202DAF50AF00F9C72B /* sdadaUITests */,
			);
		};
/* End PBXProject section */

/* Begin PBXResourcesBuildPhase section */
		F99BF9FF2DAF50A100F9C72B /* Resources */ = {
			isa = PBXResourcesBuildPhase;
			buildActionMask = 2147483647;
			files = (
			);
			runOnlyForDeploymentPostprocessing = 0;
		};
		F99BFA152DAF50AF00F9C72B /* Resources */ = {
			isa = PBXResourcesBuildPhase;
			buildActionMask = 2147483647;
			files = (
			);
			runOnlyForDeploymentPostprocessing = 0;
		};
		F99BFA1F2DAF50AF00F9C72B /* Resources */ = {
			isa = PBXResourcesBuildPhase;
			buildActionMask = 2147483647;
			files = (
			);
			runOnlyForDeploymentPostprocessing = 0;
		};
/* End PBXResourcesBuildPhase section */

/* Begin PBXSourcesBuildPhase section */
		F99BF9FD2DAF50A100F9C72B /* Sources */ = {
			isa = PBXSourcesBuildPhase;
			buildActionMask = 2147483647;
			files = (
			);
			runOnlyForDeploymentPostprocessing = 0;
		};
		F99BFA132DAF50AF00F9C72B /* Sources */ = {
			isa = PBXSourcesBuildPhase;
			buildActionMask = 2147483647;
			files = (
			);
			runOnlyForDeploymentPostprocessing = 0;
		};
		F99BFA1D2DAF50AF00F9C72B /* Sources */ = {
			isa = PBXSourcesBuildPhase;
			buildActionMask = 2147483647;
			files = (
			);
			runOnlyForDeploymentPostprocessing = 0;
		};
/* End PBXSourcesBuildPhase section */

/* Begin PBXTargetDependency section */
		F99BFA192DAF50AF00F9C72B /* PBXTargetDependency */ = {
			isa = PBXTargetDependency;
			target = F99BFA002DAF50A100F9C72B /* sdada */;
			targetProxy = F99BFA182DAF50AF00F9C72B /* PBXContainerItemProxy */;
		};
		F99BFA232DAF50AF00F9C72B /* PBXTargetDependency */ = {
			isa = PBXTargetDependency;
			target = F99BFA002DAF50A100F9C72B /* sdada */;
			targetProxy = F99BFA222DAF50AF00F9C72B /* PBXContainerItemProxy */;
		};
/* End PBXTargetDependency section */

/* Begin XCBuildConfiguration section */
		F99BFA2B2DAF50AF00F9C72B /* Debug */ = {
			isa = XCBuildConfiguration;
			buildSettings = {
				ASSETCATALOG_COMPILER_APPICON_NAME = AppIcon;
				ASSETCATALOG_COMPILER_GLOBAL_ACCENT_COLOR_NAME = AccentColor;
				CODE_SIGN_STYLE = Automatic;
				CURRENT_PROJECT_VERSION = 1;
				DEVELOPMENT_TEAM = 95FV8GCJUC;
				GENERATE_INFOPLIST_FILE = YES;
				INFOPLIST_FILE = sdada/Info.plist;
				INFOPLIST_KEY_UIApplicationSupportsIndirectInputEvents = YES;
				INFOPLIST_KEY_UILaunchStoryboardName = LaunchScreen;
				INFOPLIST_KEY_UIMainStoryboardFile = Main;
				INFOPLIST_KEY_UISupportedInterfaceOrientations_iPad = "UIInterfaceOrientationPortrait UIInterfaceOrientationPortraitUpsideDown UIInterfaceOrientationLandscapeLeft UIInterfaceOrientationLandscapeRight";
				INFOPLIST_KEY_UISupportedInterfaceOrientations_iPhone = "UIInterfaceOrientationPortrait UIInterfaceOrientationLandscapeLeft UIInterfaceOrientationLandscapeRight";
				LD_RUNPATH_SEARCH_PATHS = (
					"$(inherited)",
					"@executable_path/Frameworks",
				);
				MARKETING_VERSION = 1.0;
				PRODUCT_BUNDLE_IDENTIFIER = hyo.sdada;
				PRODUCT_NAME = "$(TARGET_NAME)";
				SWIFT_EMIT_LOC_STRINGS = YES;
				SWIFT_VERSION = 5.0;
				TARGETED_DEVICE_FAMILY = "1,2";
			};
			name = Debug;
		};
		F99BFA2C2DAF50AF00F9C72B /* Release */ = {
			isa = XCBuildConfiguration;
			buildSettings = {
				ASSETCATALOG_COMPILER_APPICON_NAME = AppIcon;
				ASSETCATALOG_COMPILER_GLOBAL_ACCENT_COLOR_NAME = AccentColor;
				CODE_SIGN_STYLE = Automatic;
				CURRENT_PROJECT_VERSION = 1;
				DEVELOPMENT_TEAM = 95FV8GCJUC;
				GENERATE_INFOPLIST_FILE = YES;
				INFOPLIST_FILE = sdada/Info.plist;
				INFOPLIST_KEY_UIApplicationSupportsIndirectInputEvents = YES;
				INFOPLIST_KEY_UILaunchStoryboardName = LaunchScreen;
				INFOPLIST_KEY_UIMainStoryboardFile = Main;
				INFOPLIST_KEY_UISupportedInterfaceOrientations_iPad = "UIInterfaceOrientationPortrait UIInterfaceOrientationPortraitUpsideDown UIInterfaceOrientationLandscapeLeft UIInterfaceOrientationLandscapeRight";
				INFOPLIST_KEY_UISupportedInterfaceOrientations_iPhone = "UIInterfaceOrientationPortrait UIInterfaceOrientationLandscapeLeft UIInterfaceOrientationLandscapeRight";
				LD_RUNPATH_SEARCH_PATHS = (
					"$(inherited)",
					"@executable_path/Frameworks",
				);
				MARKETING_VERSION = 1.0;
				PRODUCT_BUNDLE_IDENTIFIER = hyo.sdada;
				PRODUCT_NAME = "$(TARGET_NAME)";
				SWIFT_EMIT_LOC_STRINGS = YES;
				SWIFT_VERSION = 5.0;
				TARGETED_DEVICE_FAMILY = "1,2";
			};
			name = Release;
		};
		F99BFA2D2DAF50AF00F9C72B /* Debug */ = {
			isa = XCBuildConfiguration;
			buildSettings = {
				ALWAYS_SEARCH_USER_PATHS = NO;
				ASSETCATALOG_COMPILER_GENERATE_SWIFT_ASSET_SYMBOL_EXTENSIONS = YES;
				CLANG_ANALYZER_NONNULL = YES;
				CLANG_ANALYZER_NUMBER_OBJECT_CONVERSION = YES_AGGRESSIVE;
				CLANG_CXX_LANGUAGE_STANDARD = "gnu++20";
				CLANG_ENABLE_MODULES = YES;
				CLANG_ENABLE_OBJC_ARC = YES;
				CLANG_ENABLE_OBJC_WEAK = YES;
				CLANG_WARN_BLOCK_CAPTURE_AUTORELEASING = YES;
				CLANG_WARN_BOOL_CONVERSION = YES;
				CLANG_WARN_COMMA = YES;
				CLANG_WARN_CONSTANT_CONVERSION = YES;
				CLANG_WARN_DEPRECATED_OBJC_IMPLEMENTATIONS = YES;
				CLANG_WARN_DIRECT_OBJC_ISA_USAGE = YES_ERROR;
				CLANG_WARN_DOCUMENTATION_COMMENTS = YES;
				CLANG_WARN_EMPTY_BODY = YES;
				CLANG_WARN_ENUM_CONVERSION = YES;
				CLANG_WARN_INFINITE_RECURSION = YES;
				CLANG_WARN_INT_CONVERSION = YES;
				CLANG_WARN_NON_LITERAL_NULL_CONVERSION = YES;
				CLANG_WARN_OBJC_IMPLICIT_RETAIN_SELF = YES;
				CLANG_WARN_OBJC_LITERAL_CONVERSION = YES;
				CLANG_WARN_OBJC_ROOT_CLASS = YES_ERROR;
				CLANG_WARN_QUOTED_INCLUDE_IN_FRAMEWORK_HEADER = YES;
				CLANG_WARN_RANGE_LOOP_ANALYSIS = YES;
				CLANG_WARN_STRICT_PROTOTYPES = YES;
				CLANG_WARN_SUSPICIOUS_MOVE = YES;
				CLANG_WARN_UNGUARDED_AVAILABILITY = YES_AGGRESSIVE;
				CLANG_WARN_UNREACHABLE_CODE = YES;
				CLANG_WARN__DUPLICATE_METHOD_MATCH = YES;
				COPY_PHASE_STRIP = NO;
				DEBUG_INFORMATION_FORMAT = dwarf;
				ENABLE_STRICT_OBJC_MSGSEND = YES;
				ENABLE_TESTABILITY = YES;
				ENABLE_USER_SCRIPT_SANDBOXING = YES;
				GCC_C_LANGUAGE_STANDARD = gnu17;
				GCC_DYNAMIC_NO_PIC = NO;
				GCC_NO_COMMON_BLOCKS = YES;
				GCC_OPTIMIZATION_LEVEL = 0;
				GCC_PREPROCESSOR_DEFINITIONS = (
					"DEBUG=1",
					"$(inherited)",
				);
				GCC_WARN_64_TO_32_BIT_CONVERSION = YES;
				GCC_WARN_ABOUT_RETURN_TYPE = YES_ERROR;
				GCC_WARN_UNDECLARED_SELECTOR = YES;
				GCC_WARN_UNINITIALIZED_AUTOS = YES_AGGRESSIVE;
				GCC_WARN_UNUSED_FUNCTION = YES;
				GCC_WARN_UNUSED_VARIABLE = YES;
				IPHONEOS_DEPLOYMENT_TARGET = 18.2;
				LOCALIZATION_PREFERS_STRING_CATALOGS = YES;
				MTL_ENABLE_DEBUG_INFO = INCLUDE_SOURCE;
				MTL_FAST_MATH = YES;
				ONLY_ACTIVE_ARCH = YES;
				SDKROOT = iphoneos;
				SWIFT_ACTIVE_COMPILATION_CONDITIONS = "DEBUG $(inherited)";
				SWIFT_OPTIMIZATION_LEVEL = "-Onone";
			};
			name = Debug;
		};
		F99BFA2E2DAF50AF00F9C72B /* Release */ = {
			isa = XCBuildConfiguration;
			buildSettings = {
				ALWAYS_SEARCH_USER_PATHS = NO;
				ASSETCATALOG_COMPILER_GENERATE_SWIFT_ASSET_SYMBOL_EXTENSIONS = YES;
				CLANG_ANALYZER_NONNULL = YES;
				CLANG_ANALYZER_NUMBER_OBJECT_CONVERSION = YES_AGGRESSIVE;
				CLANG_CXX_LANGUAGE_STANDARD = "gnu++20";
				CLANG_ENABLE_MODULES = YES;
				CLANG_ENABLE_OBJC_ARC = YES;
				CLANG_ENABLE_OBJC_WEAK = YES;
				CLANG_WARN_BLOCK_CAPTURE_AUTORELEASING = YES;
				CLANG_WARN_BOOL_CONVERSION = YES;
				CLANG_WARN_COMMA = YES;
				CLANG_WARN_CONSTANT_CONVERSION = YES;
				CLANG_WARN_DEPRECATED_OBJC_IMPLEMENTATIONS = YES;
				CLANG_WARN_DIRECT_OBJC_ISA_USAGE = YES_ERROR;
				CLANG_WARN_DOCUMENTATION_COMMENTS = YES;
				CLANG_WARN_EMPTY_BODY = YES;
				CLANG_WARN_ENUM_CONVERSION = YES;
				CLANG_WARN_INFINITE_RECURSION = YES;
				CLANG_WARN_INT_CONVERSION = YES;
				CLANG_WARN_NON_LITERAL_NULL_CONVERSION = YES;
				CLANG_WARN_OBJC_IMPLICIT_RETAIN_SELF = YES;
				CLANG_WARN_OBJC_LITERAL_CONVERSION = YES;
				CLANG_WARN_OBJC_ROOT_CLASS = YES_ERROR;
				CLANG_WARN_QUOTED_INCLUDE_IN_FRAMEWORK_HEADER = YES;
				CLANG_WARN_RANGE_LOOP_ANALYSIS = YES;
				CLANG_WARN_STRICT_PROTOTYPES = YES;
				CLANG_WARN_SUSPICIOUS_MOVE = YES;
				CLANG_WARN_UNGUARDED_AVAILABILITY = YES_AGGRESSIVE;
				CLANG_WARN_UNREACHABLE_CODE = YES;
				CLANG_WARN__DUPLICATE_METHOD_MATCH = YES;
				COPY_PHASE_STRIP = NO;
				DEBUG_INFORMATION_FORMAT = "dwarf-with-dsym";
				ENABLE_NS_ASSERTIONS = NO;
				ENABLE_STRICT_OBJC_MSGSEND = YES;
				ENABLE_USER_SCRIPT_SANDBOXING = YES;
				GCC_C_LANGUAGE_STANDARD = gnu17;
				GCC_NO_COMMON_BLOCKS = YES;
				GCC_WARN_64_TO_32_BIT_CONVERSION = YES;
				GCC_WARN_ABOUT_RETURN_TYPE = YES_ERROR;
				GCC_WARN_UNDECLARED_SELECTOR = YES;
				GCC_WARN_UNINITIALIZED_AUTOS = YES_AGGRESSIVE;
				GCC_WARN_UNUSED_FUNCTION = YES;
				GCC_WARN_UNUSED_VARIABLE = YES;
				IPHONEOS_DEPLOYMENT_TARGET = 18.2;
				LOCALIZATION_PREFERS_STRING_CATALOGS = YES;
				MTL_ENABLE_DEBUG_INFO = NO;
				MTL_FAST_MATH = YES;
				SDKROOT = iphoneos;
				SWIFT_COMPILATION_MODE = wholemodule;
				VALIDATE_PRODUCT = YES;
			};
			name = Release;
		};
		F99BFA302DAF50AF00F9C72B /* Debug */ = {
			isa = XCBuildConfiguration;
			buildSettings = {
				BUNDLE_LOADER = "$(TEST_HOST)";
				CODE_SIGN_STYLE = Automatic;
				CURRENT_PROJECT_VERSION = 1;
				DEVELOPMENT_TEAM = 95FV8GCJUC;
				GENERATE_INFOPLIST_FILE = YES;
				IPHONEOS_DEPLOYMENT_TARGET = 18.2;
				MARKETING_VERSION = 1.0;
				PRODUCT_BUNDLE_IDENTIFIER = hyo.sdadaTests;
				PRODUCT_NAME = "$(TARGET_NAME)";
				SWIFT_EMIT_LOC_STRINGS = NO;
				SWIFT_VERSION = 5.0;
				TARGETED_DEVICE_FAMILY = "1,2";
				TEST_HOST = "$(BUILT_PRODUCTS_DIR)/sdada.app/$(BUNDLE_EXECUTABLE_FOLDER_PATH)/sdada";
			};
			name = Debug;
		};
		F99BFA312DAF50AF00F9C72B /* Release */ = {
			isa = XCBuildConfiguration;
			buildSettings = {
				BUNDLE_LOADER = "$(TEST_HOST)";
				CODE_SIGN_STYLE = Automatic;
				CURRENT_PROJECT_VERSION = 1;
				DEVELOPMENT_TEAM = 95FV8GCJUC;
				GENERATE_INFOPLIST_FILE = YES;
				IPHONEOS_DEPLOYMENT_TARGET = 18.2;
				MARKETING_VERSION = 1.0;
				PRODUCT_BUNDLE_IDENTIFIER = hyo.sdadaTests;
				PRODUCT_NAME = "$(TARGET_NAME)";
				SWIFT_EMIT_LOC_STRINGS = NO;
				SWIFT_VERSION = 5.0;
				TARGETED_DEVICE_FAMILY = "1,2";
				TEST_HOST = "$(BUILT_PRODUCTS_DIR)/sdada.app/$(BUNDLE_EXECUTABLE_FOLDER_PATH)/sdada";
			};
			name = Release;
		};
		F99BFA332DAF50AF00F9C72B /* Debug */ = {
			isa = XCBuildConfiguration;
			buildSettings = {
				CODE_SIGN_STYLE = Automatic;
				CURRENT_PROJECT_VERSION = 1;
				DEVELOPMENT_TEAM = 95FV8GCJUC;
				GENERATE_INFOPLIST_FILE = YES;
				MARKETING_VERSION = 1.0;
				PRODUCT_BUNDLE_IDENTIFIER = hyo.sdadaUITests;
				PRODUCT_NAME = "$(TARGET_NAME)";
				SWIFT_EMIT_LOC_STRINGS = NO;
				SWIFT_VERSION = 5.0;
				TARGETED_DEVICE_FAMILY = "1,2";
				TEST_TARGET_NAME = sdada;
			};
			name = Debug;
		};
		F99BFA342DAF50AF00F9C72B /* Release */ = {
			isa = XCBuildConfiguration;
			buildSettings = {
				CODE_SIGN_STYLE = Automatic;
				CURRENT_PROJECT_VERSION = 1;
				DEVELOPMENT_TEAM = 95FV8GCJUC;
				GENERATE_INFOPLIST_FILE = YES;
				MARKETING_VERSION = 1.0;
				PRODUCT_BUNDLE_IDENTIFIER = hyo.sdadaUITests;
				PRODUCT_NAME = "$(TARGET_NAME)";
				SWIFT_EMIT_LOC_STRINGS = NO;
				SWIFT_VERSION = 5.0;
				TARGETED_DEVICE_FAMILY = "1,2";
				TEST_TARGET_NAME = sdada;
			};
			name = Release;
		};
/* End XCBuildConfiguration section */

/* Begin XCConfigurationList section */
		F99BF9FC2DAF50A100F9C72B /* Build configuration list for PBXProject "sdada" */ = {
			isa = XCConfigurationList;
			buildConfigurations = (
				F99BFA2D2DAF50AF00F9C72B /* Debug */,
				F99BFA2E2DAF50AF00F9C72B /* Release */,
			);
			defaultConfigurationIsVisible = 0;
			defaultConfigurationName = Release;
		};
		F99BFA2A2DAF50AF00F9C72B /* Build configuration list for PBXNativeTarget "sdada" */ = {
			isa = XCConfigurationList;
			buildConfigurations = (
				F99BFA2B2DAF50AF00F9C72B /* Debug */,
				F99BFA2C2DAF50AF00F9C72B /* Release */,
			);
			defaultConfigurationIsVisible = 0;
			defaultConfigurationName = Release;
		};
		F99BFA2F2DAF50AF00F9C72B /* Build configuration list for PBXNativeTarget "sdadaTests" */ = {
			isa = XCConfigurationList;
			buildConfigurations = (
				F99BFA302DAF50AF00F9C72B /* Debug */,
				F99BFA312DAF50AF00F9C72B /* Release */,
			);
			defaultConfigurationIsVisible = 0;
			defaultConfigurationName = Release;
		};
		F99BFA322DAF50AF00F9C72B /* Build configuration list for PBXNativeTarget "sdadaUITests" */ = {
			isa = XCConfigurationList;
			buildConfigurations = (
				F99BFA332DAF50AF00F9C72B /* Debug */,
				F99BFA342DAF50AF00F9C72B /* Release */,
			);
			defaultConfigurationIsVisible = 0;
			defaultConfigurationName = Release;
		};
/* End XCConfigurationList section */
	};
	rootObject = F99BF9F92DAF50A100F9C72B /* Project object */;
}
